PODS:
  - Alamofire (5.10.2)
  - AWSCore (2.38.0)
  - AWSS3 (2.38.0):
    - AWSCore (= 2.38.0)

DEPENDENCIES:
  - Alamofire
  - AWSCore
  - AWSS3

SPEC REPOS:
  trunk:
    - Alamofire
    - AWSCore
    - AWSS3

SPEC CHECKSUMS:
  Alamofire: 7193b3b92c74a07f85569e1a6c4f4237291e7496
  AWSCore: daf6c241f66465c8df96f7f89f7f3bfc577d85f5
  AWSS3: fb233a794ea46233b27a2391dd3ba69a13eb111c

PODFILE CHECKSUM: d9df8f98f713e816a7ceeb8059ccb49b1c660e2c

COCOAPODS: 1.16.2
