// !$*UTF8*$!
{
	archiveVersion = 1;
	classes = {
	};
	objectVersion = 56;
	objects = {

/* Begin PBXBuildFile section */
		03CF2EDB4697FA3DF555994F /* Pods_MyGpsMapUITests.framework in Frameworks */ = {isa = PBXBuildFile; fileRef = A1C94E52FBE5A92F1D964308 /* Pods_MyGpsMapUITests.framework */; };
		6F386C837480EE3DC9CA3DBD /* Pods_MyGpsMap.framework in Frameworks */ = {isa = PBXBuildFile; fileRef = 5CBC92C7F5A473EDD177B46F /* Pods_MyGpsMap.framework */; };
		8E3E8F69BA4BD062519D89BC /* amplifyconfiguration.json in Resources */ = {isa = PBXBuildFile; fileRef = 496DD731DC8AA533FE5C0E9E /* amplifyconfiguration.json */; };
		99D2DFC54C0CE7054BEAC45A /* awsconfiguration.json in Resources */ = {isa = PBXBuildFile; fileRef = DEBBCC96568A13679E716D0A /* awsconfiguration.json */; };
		CA06CE1F2CAED8240073950D /* SpotifyManager.swift in Sources */ = {isa = PBXBuildFile; fileRef = CA06CE1E2CAED8240073950D /* SpotifyManager.swift */; };
		CA06CE212CAED8DA0073950D /* UserProfileManager.swift in Sources */ = {isa = PBXBuildFile; fileRef = CA06CE202CAED8DA0073950D /* UserProfileManager.swift */; };
		CA06CE232CAED8FA0073950D /* RadikoManager.swift in Sources */ = {isa = PBXBuildFile; fileRef = CA06CE222CAED8FA0073950D /* RadikoManager.swift */; };
		CA06CE252CAED9BF0073950D /* MapManager.swift in Sources */ = {isa = PBXBuildFile; fileRef = CA06CE242CAED9BF0073950D /* MapManager.swift */; };
		CA68F1942CAC23030060B8BB /* AppDelegate.swift in Sources */ = {isa = PBXBuildFile; fileRef = CA68F1932CAC23030060B8BB /* AppDelegate.swift */; };
		CA68F1962CAC23030060B8BB /* SceneDelegate.swift in Sources */ = {isa = PBXBuildFile; fileRef = CA68F1952CAC23030060B8BB /* SceneDelegate.swift */; };
		CA68F1982CAC23030060B8BB /* ViewController.swift in Sources */ = {isa = PBXBuildFile; fileRef = CA68F1972CAC23030060B8BB /* ViewController.swift */; };
		CA68F19B2CAC23030060B8BB /* Base in Resources */ = {isa = PBXBuildFile; fileRef = CA68F19A2CAC23030060B8BB /* Base */; };
		CA68F19E2CAC23030060B8BB /* MyGpsMap.xcdatamodeld in Sources */ = {isa = PBXBuildFile; fileRef = CA68F19C2CAC23030060B8BB /* MyGpsMap.xcdatamodeld */; };
		CA68F1A02CAC23050060B8BB /* Assets.xcassets in Resources */ = {isa = PBXBuildFile; fileRef = CA68F19F2CAC23050060B8BB /* Assets.xcassets */; };
		CA68F1A32CAC23050060B8BB /* Base in Resources */ = {isa = PBXBuildFile; fileRef = CA68F1A22CAC23050060B8BB /* Base */; };
		CA68F1AE2CAC23060060B8BB /* MyGpsMapTests.swift in Sources */ = {isa = PBXBuildFile; fileRef = CA68F1AD2CAC23060060B8BB /* MyGpsMapTests.swift */; };
		CA68F1B82CAC23060060B8BB /* MyGpsMapUITests.swift in Sources */ = {isa = PBXBuildFile; fileRef = CA68F1B72CAC23060060B8BB /* MyGpsMapUITests.swift */; };
		CA68F1BA2CAC23060060B8BB /* MyGpsMapUITestsLaunchTests.swift in Sources */ = {isa = PBXBuildFile; fileRef = CA68F1B92CAC23060060B8BB /* MyGpsMapUITestsLaunchTests.swift */; };
		CA68F1C82CAC25500060B8BB /* MapKit.framework in Frameworks */ = {isa = PBXBuildFile; fileRef = CA68F1C72CAC25500060B8BB /* MapKit.framework */; };
		CA9E23A62CAEF5F7004842EC /* ViewController_Login.swift in Sources */ = {isa = PBXBuildFile; fileRef = CA9E23A52CAEF5F7004842EC /* ViewController_Login.swift */; };
		CA9E23A82CAEF7DE004842EC /* ViewController_Config.storyboard in Resources */ = {isa = PBXBuildFile; fileRef = CA9E23A72CAEF7DE004842EC /* ViewController_Config.storyboard */; };
		CAE89DEF2CB1B1BC001F9DA3 /* Constant_Design.swift in Sources */ = {isa = PBXBuildFile; fileRef = CAE89DEE2CB1B1BC001F9DA3 /* Constant_Design.swift */; };
		CAE89DF12CB1B359001F9DA3 /* Constant_Main.swift in Sources */ = {isa = PBXBuildFile; fileRef = CAE89DF02CB1B359001F9DA3 /* Constant_Main.swift */; };
		CAE89DF32CB1BB6D001F9DA3 /* UISetUpManager.swift in Sources */ = {isa = PBXBuildFile; fileRef = CAE89DF22CB1BB6D001F9DA3 /* UISetUpManager.swift */; };
		F7D1C511ABDE25F2DE1E8116 /* Pods_MyGpsMapTests.framework in Frameworks */ = {isa = PBXBuildFile; fileRef = BC74D552C6514F92E126CEA9 /* Pods_MyGpsMapTests.framework */; };
/* End PBXBuildFile section */

/* Begin PBXContainerItemProxy section */
		CA68F1AA2CAC23060060B8BB /* PBXContainerItemProxy */ = {
			isa = PBXContainerItemProxy;
			containerPortal = CA68F1882CAC23030060B8BB /* Project object */;
			proxyType = 1;
			remoteGlobalIDString = CA68F18F2CAC23030060B8BB;
			remoteInfo = MyGpsMap;
		};
		CA68F1B42CAC23060060B8BB /* PBXContainerItemProxy */ = {
			isa = PBXContainerItemProxy;
			containerPortal = CA68F1882CAC23030060B8BB /* Project object */;
			proxyType = 1;
			remoteGlobalIDString = CA68F18F2CAC23030060B8BB;
			remoteInfo = MyGpsMap;
		};
/* End PBXContainerItemProxy section */

/* Begin PBXFileReference section */
		1E5D25952AD77074A5BBEF0F /* Pods-MyGpsMap-MyGpsMapUITests.debug.xcconfig */ = {isa = PBXFileReference; includeInIndex = 1; lastKnownFileType = text.xcconfig; name = "Pods-MyGpsMap-MyGpsMapUITests.debug.xcconfig"; path = "Target Support Files/Pods-MyGpsMap-MyGpsMapUITests/Pods-MyGpsMap-MyGpsMapUITests.debug.xcconfig"; sourceTree = "<group>"; };
		496DD731DC8AA533FE5C0E9E /* amplifyconfiguration.json */ = {isa = PBXFileReference; explicitFileType = text.json; path = amplifyconfiguration.json; sourceTree = "<group>"; };
		5443C4C366FD18FED47F3B88 /* Pods-MyGpsMapTests.debug.xcconfig */ = {isa = PBXFileReference; includeInIndex = 1; lastKnownFileType = text.xcconfig; name = "Pods-MyGpsMapTests.debug.xcconfig"; path = "Target Support Files/Pods-MyGpsMapTests/Pods-MyGpsMapTests.debug.xcconfig"; sourceTree = "<group>"; };
		5586F62F066ED61BEEEF194A /* Pods-MyGpsMapTests.release.xcconfig */ = {isa = PBXFileReference; includeInIndex = 1; lastKnownFileType = text.xcconfig; name = "Pods-MyGpsMapTests.release.xcconfig"; path = "Target Support Files/Pods-MyGpsMapTests/Pods-MyGpsMapTests.release.xcconfig"; sourceTree = "<group>"; };
		5A39A44A68696742624C3203 /* Pods-MyGpsMap.release.xcconfig */ = {isa = PBXFileReference; includeInIndex = 1; lastKnownFileType = text.xcconfig; name = "Pods-MyGpsMap.release.xcconfig"; path = "Target Support Files/Pods-MyGpsMap/Pods-MyGpsMap.release.xcconfig"; sourceTree = "<group>"; };
		5CBC92C7F5A473EDD177B46F /* Pods_MyGpsMap.framework */ = {isa = PBXFileReference; explicitFileType = wrapper.framework; includeInIndex = 0; path = Pods_MyGpsMap.framework; sourceTree = BUILT_PRODUCTS_DIR; };
		A1C94E52FBE5A92F1D964308 /* Pods_MyGpsMapUITests.framework */ = {isa = PBXFileReference; explicitFileType = wrapper.framework; includeInIndex = 0; path = Pods_MyGpsMapUITests.framework; sourceTree = BUILT_PRODUCTS_DIR; };
		ADBD8372F036196CD5620444 /* Pods-MyGpsMap-MyGpsMapUITests.release.xcconfig */ = {isa = PBXFileReference; includeInIndex = 1; lastKnownFileType = text.xcconfig; name = "Pods-MyGpsMap-MyGpsMapUITests.release.xcconfig"; path = "Target Support Files/Pods-MyGpsMap-MyGpsMapUITests/Pods-MyGpsMap-MyGpsMapUITests.release.xcconfig"; sourceTree = "<group>"; };
		BC74D552C6514F92E126CEA9 /* Pods_MyGpsMapTests.framework */ = {isa = PBXFileReference; explicitFileType = wrapper.framework; includeInIndex = 0; path = Pods_MyGpsMapTests.framework; sourceTree = BUILT_PRODUCTS_DIR; };
		BFFD7E109785A2B48C3AA5EF /* Pods-MyGpsMapUITests.release.xcconfig */ = {isa = PBXFileReference; includeInIndex = 1; lastKnownFileType = text.xcconfig; name = "Pods-MyGpsMapUITests.release.xcconfig"; path = "Target Support Files/Pods-MyGpsMapUITests/Pods-MyGpsMapUITests.release.xcconfig"; sourceTree = "<group>"; };
		CA06CE1E2CAED8240073950D /* SpotifyManager.swift */ = {isa = PBXFileReference; lastKnownFileType = sourcecode.swift; path = SpotifyManager.swift; sourceTree = "<group>"; };
		CA06CE202CAED8DA0073950D /* UserProfileManager.swift */ = {isa = PBXFileReference; lastKnownFileType = sourcecode.swift; path = UserProfileManager.swift; sourceTree = "<group>"; };
		CA06CE222CAED8FA0073950D /* RadikoManager.swift */ = {isa = PBXFileReference; lastKnownFileType = sourcecode.swift; path = RadikoManager.swift; sourceTree = "<group>"; };
		CA06CE242CAED9BF0073950D /* MapManager.swift */ = {isa = PBXFileReference; lastKnownFileType = sourcecode.swift; path = MapManager.swift; sourceTree = "<group>"; };
		CA68F1902CAC23030060B8BB /* MyGpsMap.app */ = {isa = PBXFileReference; explicitFileType = wrapper.application; includeInIndex = 0; path = MyGpsMap.app; sourceTree = BUILT_PRODUCTS_DIR; };
		CA68F1932CAC23030060B8BB /* AppDelegate.swift */ = {isa = PBXFileReference; lastKnownFileType = sourcecode.swift; path = AppDelegate.swift; sourceTree = "<group>"; };
		CA68F1952CAC23030060B8BB /* SceneDelegate.swift */ = {isa = PBXFileReference; lastKnownFileType = sourcecode.swift; path = SceneDelegate.swift; sourceTree = "<group>"; };
		CA68F1972CAC23030060B8BB /* ViewController.swift */ = {isa = PBXFileReference; lastKnownFileType = sourcecode.swift; path = ViewController.swift; sourceTree = "<group>"; };
		CA68F19A2CAC23030060B8BB /* Base */ = {isa = PBXFileReference; lastKnownFileType = file.storyboard; name = Base; path = Base.lproj/Main.storyboard; sourceTree = "<group>"; };
		CA68F19D2CAC23030060B8BB /* MyGpsMap.xcdatamodel */ = {isa = PBXFileReference; lastKnownFileType = wrapper.xcdatamodel; path = MyGpsMap.xcdatamodel; sourceTree = "<group>"; };
		CA68F19F2CAC23050060B8BB /* Assets.xcassets */ = {isa = PBXFileReference; lastKnownFileType = folder.assetcatalog; path = Assets.xcassets; sourceTree = "<group>"; };
		CA68F1A22CAC23050060B8BB /* Base */ = {isa = PBXFileReference; lastKnownFileType = file.storyboard; name = Base; path = Base.lproj/LaunchScreen.storyboard; sourceTree = "<group>"; };
		CA68F1A42CAC23050060B8BB /* Info.plist */ = {isa = PBXFileReference; lastKnownFileType = text.plist.xml; path = Info.plist; sourceTree = "<group>"; };
		CA68F1A92CAC23060060B8BB /* MyGpsMapTests.xctest */ = {isa = PBXFileReference; explicitFileType = wrapper.cfbundle; includeInIndex = 0; path = MyGpsMapTests.xctest; sourceTree = BUILT_PRODUCTS_DIR; };
		CA68F1AD2CAC23060060B8BB /* MyGpsMapTests.swift */ = {isa = PBXFileReference; lastKnownFileType = sourcecode.swift; path = MyGpsMapTests.swift; sourceTree = "<group>"; };
		CA68F1B32CAC23060060B8BB /* MyGpsMapUITests.xctest */ = {isa = PBXFileReference; explicitFileType = wrapper.cfbundle; includeInIndex = 0; path = MyGpsMapUITests.xctest; sourceTree = BUILT_PRODUCTS_DIR; };
		CA68F1B72CAC23060060B8BB /* MyGpsMapUITests.swift */ = {isa = PBXFileReference; lastKnownFileType = sourcecode.swift; path = MyGpsMapUITests.swift; sourceTree = "<group>"; };
		CA68F1B92CAC23060060B8BB /* MyGpsMapUITestsLaunchTests.swift */ = {isa = PBXFileReference; lastKnownFileType = sourcecode.swift; path = MyGpsMapUITestsLaunchTests.swift; sourceTree = "<group>"; };
		CA68F1C72CAC25500060B8BB /* MapKit.framework */ = {isa = PBXFileReference; lastKnownFileType = wrapper.framework; name = MapKit.framework; path = System/Library/Frameworks/MapKit.framework; sourceTree = SDKROOT; };
		CA9E23A52CAEF5F7004842EC /* ViewController_Login.swift */ = {isa = PBXFileReference; lastKnownFileType = sourcecode.swift; path = ViewController_Login.swift; sourceTree = "<group>"; };
		CA9E23A72CAEF7DE004842EC /* ViewController_Config.storyboard */ = {isa = PBXFileReference; lastKnownFileType = file.storyboard; path = ViewController_Config.storyboard; sourceTree = "<group>"; };
		CAE89DEE2CB1B1BC001F9DA3 /* Constant_Design.swift */ = {isa = PBXFileReference; lastKnownFileType = sourcecode.swift; path = Constant_Design.swift; sourceTree = "<group>"; };
		CAE89DF02CB1B359001F9DA3 /* Constant_Main.swift */ = {isa = PBXFileReference; lastKnownFileType = sourcecode.swift; path = Constant_Main.swift; sourceTree = "<group>"; };
		CAE89DF22CB1BB6D001F9DA3 /* UISetUpManager.swift */ = {isa = PBXFileReference; lastKnownFileType = sourcecode.swift; path = UISetUpManager.swift; sourceTree = "<group>"; };
		DEBBCC96568A13679E716D0A /* awsconfiguration.json */ = {isa = PBXFileReference; explicitFileType = text.json; path = awsconfiguration.json; sourceTree = "<group>"; };
		F843D1AAABE39DEB10FD9471 /* Pods-MyGpsMapUITests.debug.xcconfig */ = {isa = PBXFileReference; includeInIndex = 1; lastKnownFileType = text.xcconfig; name = "Pods-MyGpsMapUITests.debug.xcconfig"; path = "Target Support Files/Pods-MyGpsMapUITests/Pods-MyGpsMapUITests.debug.xcconfig"; sourceTree = "<group>"; };
		FB6ADD9C33AD1A710E40DF53 /* Pods-MyGpsMap.debug.xcconfig */ = {isa = PBXFileReference; includeInIndex = 1; lastKnownFileType = text.xcconfig; name = "Pods-MyGpsMap.debug.xcconfig"; path = "Target Support Files/Pods-MyGpsMap/Pods-MyGpsMap.debug.xcconfig"; sourceTree = "<group>"; };
/* End PBXFileReference section */

/* Begin PBXFrameworksBuildPhase section */
		CA68F18D2CAC23030060B8BB /* Frameworks */ = {
			isa = PBXFrameworksBuildPhase;
			buildActionMask = 2147483647;
			files = (
				CA68F1C82CAC25500060B8BB /* MapKit.framework in Frameworks */,
				6F386C837480EE3DC9CA3DBD /* Pods_MyGpsMap.framework in Frameworks */,
			);
			runOnlyForDeploymentPostprocessing = 0;
		};
		CA68F1A62CAC23060060B8BB /* Frameworks */ = {
			isa = PBXFrameworksBuildPhase;
			buildActionMask = 2147483647;
			files = (
				F7D1C511ABDE25F2DE1E8116 /* Pods_MyGpsMapTests.framework in Frameworks */,
			);
			runOnlyForDeploymentPostprocessing = 0;
		};
		CA68F1B02CAC23060060B8BB /* Frameworks */ = {
			isa = PBXFrameworksBuildPhase;
			buildActionMask = 2147483647;
			files = (
				03CF2EDB4697FA3DF555994F /* Pods_MyGpsMapUITests.framework in Frameworks */,
			);
			runOnlyForDeploymentPostprocessing = 0;
		};
/* End PBXFrameworksBuildPhase section */

/* Begin PBXGroup section */
		041569E80246B03E73A939CD /* Pods */ = {
			isa = PBXGroup;
			children = (
				FB6ADD9C33AD1A710E40DF53 /* Pods-MyGpsMap.debug.xcconfig */,
				5A39A44A68696742624C3203 /* Pods-MyGpsMap.release.xcconfig */,
				1E5D25952AD77074A5BBEF0F /* Pods-MyGpsMap-MyGpsMapUITests.debug.xcconfig */,
				ADBD8372F036196CD5620444 /* Pods-MyGpsMap-MyGpsMapUITests.release.xcconfig */,
				5443C4C366FD18FED47F3B88 /* Pods-MyGpsMapTests.debug.xcconfig */,
				5586F62F066ED61BEEEF194A /* Pods-MyGpsMapTests.release.xcconfig */,
				F843D1AAABE39DEB10FD9471 /* Pods-MyGpsMapUITests.debug.xcconfig */,
				BFFD7E109785A2B48C3AA5EF /* Pods-MyGpsMapUITests.release.xcconfig */,
			);
			path = Pods;
			sourceTree = "<group>";
		};
		5FD2D4CB33DE9E069C90D1EC /* AmplifyConfig */ = {
			isa = PBXGroup;
			children = (
				DEBBCC96568A13679E716D0A /* awsconfiguration.json */,
				496DD731DC8AA533FE5C0E9E /* amplifyconfiguration.json */,
			);
			name = AmplifyConfig;
			sourceTree = "<group>";
		};
		CA06CE1A2CAED7B90073950D /* Map */ = {
			isa = PBXGroup;
			children = (
				CA06CE242CAED9BF0073950D /* MapManager.swift */,
			);
			path = Map;
			sourceTree = "<group>";
		};
		CA06CE1B2CAED7CA0073950D /* Spotify */ = {
			isa = PBXGroup;
			children = (
				CA06CE1E2CAED8240073950D /* SpotifyManager.swift */,
			);
			path = Spotify;
			sourceTree = "<group>";
		};
		CA06CE1C2CAED7D80073950D /* Radiko */ = {
			isa = PBXGroup;
			children = (
				CA06CE222CAED8FA0073950D /* RadikoManager.swift */,
			);
			path = Radiko;
			sourceTree = "<group>";
		};
		CA06CE1D2CAED7E30073950D /* UserProfile */ = {
			isa = PBXGroup;
			children = (
				CA06CE202CAED8DA0073950D /* UserProfileManager.swift */,
			);
			path = UserProfile;
			sourceTree = "<group>";
		};
		CA68F1872CAC23030060B8BB = {
			isa = PBXGroup;
			children = (
				CA68F1922CAC23030060B8BB /* MyGpsMap */,
				CA68F1AC2CAC23060060B8BB /* MyGpsMapTests */,
				CA68F1B62CAC23060060B8BB /* MyGpsMapUITests */,
				CA68F1912CAC23030060B8BB /* Products */,
				CA68F1C62CAC25500060B8BB /* Frameworks */,
				5FD2D4CB33DE9E069C90D1EC /* AmplifyConfig */,
				041569E80246B03E73A939CD /* Pods */,
			);
			sourceTree = "<group>";
		};
		CA68F1912CAC23030060B8BB /* Products */ = {
			isa = PBXGroup;
			children = (
				CA68F1902CAC23030060B8BB /* MyGpsMap.app */,
				CA68F1A92CAC23060060B8BB /* MyGpsMapTests.xctest */,
				CA68F1B32CAC23060060B8BB /* MyGpsMapUITests.xctest */,
			);
			name = Products;
			sourceTree = "<group>";
		};
		CA68F1922CAC23030060B8BB /* MyGpsMap */ = {
			isa = PBXGroup;
			children = (
				CAE89DED2CB1B1A2001F9DA3 /* Constant */,
				CA06CE1D2CAED7E30073950D /* UserProfile */,
				CA06CE1C2CAED7D80073950D /* Radiko */,
				CA06CE1B2CAED7CA0073950D /* Spotify */,
				CA06CE1A2CAED7B90073950D /* Map */,
				CA68F1932CAC23030060B8BB /* AppDelegate.swift */,
				CA68F1952CAC23030060B8BB /* SceneDelegate.swift */,
				CAE89DF22CB1BB6D001F9DA3 /* UISetUpManager.swift */,
				CA68F1972CAC23030060B8BB /* ViewController.swift */,
				CA9E23A52CAEF5F7004842EC /* ViewController_Login.swift */,
				CA68F1992CAC23030060B8BB /* Main.storyboard */,
				CA9E23A72CAEF7DE004842EC /* ViewController_Config.storyboard */,
				CA68F19F2CAC23050060B8BB /* Assets.xcassets */,
				CA68F1A12CAC23050060B8BB /* LaunchScreen.storyboard */,
				CA68F1A42CAC23050060B8BB /* Info.plist */,
				CA68F19C2CAC23030060B8BB /* MyGpsMap.xcdatamodeld */,
			);
			path = MyGpsMap;
			sourceTree = "<group>";
		};
		CA68F1AC2CAC23060060B8BB /* MyGpsMapTests */ = {
			isa = PBXGroup;
			children = (
				CA68F1AD2CAC23060060B8BB /* MyGpsMapTests.swift */,
			);
			path = MyGpsMapTests;
			sourceTree = "<group>";
		};
		CA68F1B62CAC23060060B8BB /* MyGpsMapUITests */ = {
			isa = PBXGroup;
			children = (
				CA68F1B72CAC23060060B8BB /* MyGpsMapUITests.swift */,
				CA68F1B92CAC23060060B8BB /* MyGpsMapUITestsLaunchTests.swift */,
			);
			path = MyGpsMapUITests;
			sourceTree = "<group>";
		};
		CA68F1C62CAC25500060B8BB /* Frameworks */ = {
			isa = PBXGroup;
			children = (
				CA68F1C72CAC25500060B8BB /* MapKit.framework */,
				5CBC92C7F5A473EDD177B46F /* Pods_MyGpsMap.framework */,
				BC74D552C6514F92E126CEA9 /* Pods_MyGpsMapTests.framework */,
				A1C94E52FBE5A92F1D964308 /* Pods_MyGpsMapUITests.framework */,
			);
			name = Frameworks;
			sourceTree = "<group>";
		};
		CAE89DED2CB1B1A2001F9DA3 /* Constant */ = {
			isa = PBXGroup;
			children = (
				CAE89DEE2CB1B1BC001F9DA3 /* Constant_Design.swift */,
				CAE89DF02CB1B359001F9DA3 /* Constant_Main.swift */,
			);
			path = Constant;
			sourceTree = "<group>";
		};
/* End PBXGroup section */

/* Begin PBXNativeTarget section */
		CA68F18F2CAC23030060B8BB /* MyGpsMap */ = {
			isa = PBXNativeTarget;
			buildConfigurationList = CA68F1BD2CAC23060060B8BB /* Build configuration list for PBXNativeTarget "MyGpsMap" */;
			buildPhases = (
				93231C7CD055925F88F7EA0A /* [CP] Check Pods Manifest.lock */,
				CA68F18C2CAC23030060B8BB /* Sources */,
				CA68F18D2CAC23030060B8BB /* Frameworks */,
				CA68F18E2CAC23030060B8BB /* Resources */,
				F3942F4AE52CAC75D84776C8 /* [CP] Embed Pods Frameworks */,
			);
			buildRules = (
			);
			dependencies = (
			);
			name = MyGpsMap;
			productName = MyGpsMap;
			productReference = CA68F1902CAC23030060B8BB /* MyGpsMap.app */;
			productType = "com.apple.product-type.application";
		};
		CA68F1A82CAC23060060B8BB /* MyGpsMapTests */ = {
			isa = PBXNativeTarget;
			buildConfigurationList = CA68F1C02CAC23060060B8BB /* Build configuration list for PBXNativeTarget "MyGpsMapTests" */;
			buildPhases = (
				B28B415B64A34689AE4390BB /* [CP] Check Pods Manifest.lock */,
				CA68F1A52CAC23060060B8BB /* Sources */,
				CA68F1A62CAC23060060B8BB /* Frameworks */,
				CA68F1A72CAC23060060B8BB /* Resources */,
			);
			buildRules = (
			);
			dependencies = (
				CA68F1AB2CAC23060060B8BB /* PBXTargetDependency */,
			);
			name = MyGpsMapTests;
			productName = MyGpsMapTests;
			productReference = CA68F1A92CAC23060060B8BB /* MyGpsMapTests.xctest */;
			productType = "com.apple.product-type.bundle.unit-test";
		};
		CA68F1B22CAC23060060B8BB /* MyGpsMapUITests */ = {
			isa = PBXNativeTarget;
			buildConfigurationList = CA68F1C32CAC23060060B8BB /* Build configuration list for PBXNativeTarget "MyGpsMapUITests" */;
			buildPhases = (
				FAC018CBF84C8EAA363DAA1C /* [CP] Check Pods Manifest.lock */,
				CA68F1AF2CAC23060060B8BB /* Sources */,
				CA68F1B02CAC23060060B8BB /* Frameworks */,
				CA68F1B12CAC23060060B8BB /* Resources */,
			);
			buildRules = (
			);
			dependencies = (
				CA68F1B52CAC23060060B8BB /* PBXTargetDependency */,
			);
			name = MyGpsMapUITests;
			productName = MyGpsMapUITests;
			productReference = CA68F1B32CAC23060060B8BB /* MyGpsMapUITests.xctest */;
			productType = "com.apple.product-type.bundle.ui-testing";
		};
/* End PBXNativeTarget section */

/* Begin PBXProject section */
		CA68F1882CAC23030060B8BB /* Project object */ = {
			isa = PBXProject;
			attributes = {
				BuildIndependentTargetsInParallel = 1;
				LastSwiftUpdateCheck = 1540;
				LastUpgradeCheck = 1540;
				TargetAttributes = {
					CA68F18F2CAC23030060B8BB = {
						CreatedOnToolsVersion = 15.4;
					};
					CA68F1A82CAC23060060B8BB = {
						CreatedOnToolsVersion = 15.4;
						TestTargetID = CA68F18F2CAC23030060B8BB;
					};
					CA68F1B22CAC23060060B8BB = {
						CreatedOnToolsVersion = 15.4;
						TestTargetID = CA68F18F2CAC23030060B8BB;
					};
				};
			};
			buildConfigurationList = CA68F18B2CAC23030060B8BB /* Build configuration list for PBXProject "MyGpsMap" */;
			compatibilityVersion = "Xcode 14.0";
			developmentRegion = en;
			hasScannedForEncodings = 0;
			knownRegions = (
				en,
				Base,
			);
			mainGroup = CA68F1872CAC23030060B8BB;
			productRefGroup = CA68F1912CAC23030060B8BB /* Products */;
			projectDirPath = "";
			projectRoot = "";
			targets = (
				CA68F18F2CAC23030060B8BB /* MyGpsMap */,
				CA68F1A82CAC23060060B8BB /* MyGpsMapTests */,
				CA68F1B22CAC23060060B8BB /* MyGpsMapUITests */,
			);
		};
/* End PBXProject section */

/* Begin PBXResourcesBuildPhase section */
		CA68F18E2CAC23030060B8BB /* Resources */ = {
			isa = PBXResourcesBuildPhase;
			buildActionMask = 2147483647;
			files = (
				CA68F1A02CAC23050060B8BB /* Assets.xcassets in Resources */,
				CA68F1A32CAC23050060B8BB /* Base in Resources */,
				CA9E23A82CAEF7DE004842EC /* ViewController_Config.storyboard in Resources */,
				CA68F19B2CAC23030060B8BB /* Base in Resources */,
				99D2DFC54C0CE7054BEAC45A /* awsconfiguration.json in Resources */,
				8E3E8F69BA4BD062519D89BC /* amplifyconfiguration.json in Resources */,
			);
			runOnlyForDeploymentPostprocessing = 0;
		};
		CA68F1A72CAC23060060B8BB /* Resources */ = {
			isa = PBXResourcesBuildPhase;
			buildActionMask = 2147483647;
			files = (
			);
			runOnlyForDeploymentPostprocessing = 0;
		};
		CA68F1B12CAC23060060B8BB /* Resources */ = {
			isa = PBXResourcesBuildPhase;
			buildActionMask = 2147483647;
			files = (
			);
			runOnlyForDeploymentPostprocessing = 0;
		};
/* End PBXResourcesBuildPhase section */

/* Begin PBXShellScriptBuildPhase section */
		93231C7CD055925F88F7EA0A /* [CP] Check Pods Manifest.lock */ = {
			isa = PBXShellScriptBuildPhase;
			buildActionMask = 2147483647;
			files = (
			);
			inputFileListPaths = (
			);
			inputPaths = (
				"${PODS_PODFILE_DIR_PATH}/Podfile.lock",
				"${PODS_ROOT}/Manifest.lock",
			);
			name = "[CP] Check Pods Manifest.lock";
			outputFileListPaths = (
			);
			outputPaths = (
				"$(DERIVED_FILE_DIR)/Pods-MyGpsMap-checkManifestLockResult.txt",
			);
			runOnlyForDeploymentPostprocessing = 0;
			shellPath = /bin/sh;
			shellScript = "diff \"${PODS_PODFILE_DIR_PATH}/Podfile.lock\" \"${PODS_ROOT}/Manifest.lock\" > /dev/null\nif [ $? != 0 ] ; then\n    # print error to STDERR\n    echo \"error: The sandbox is not in sync with the Podfile.lock. Run 'pod install' or update your CocoaPods installation.\" >&2\n    exit 1\nfi\n# This output is used by Xcode 'outputs' to avoid re-running this script phase.\necho \"SUCCESS\" > \"${SCRIPT_OUTPUT_FILE_0}\"\n";
			showEnvVarsInLog = 0;
		};
		B28B415B64A34689AE4390BB /* [CP] Check Pods Manifest.lock */ = {
			isa = PBXShellScriptBuildPhase;
			buildActionMask = 2147483647;
			files = (
			);
			inputFileListPaths = (
			);
			inputPaths = (
				"${PODS_PODFILE_DIR_PATH}/Podfile.lock",
				"${PODS_ROOT}/Manifest.lock",
			);
			name = "[CP] Check Pods Manifest.lock";
			outputFileListPaths = (
			);
			outputPaths = (
				"$(DERIVED_FILE_DIR)/Pods-MyGpsMapTests-checkManifestLockResult.txt",
			);
			runOnlyForDeploymentPostprocessing = 0;
			shellPath = /bin/sh;
			shellScript = "diff \"${PODS_PODFILE_DIR_PATH}/Podfile.lock\" \"${PODS_ROOT}/Manifest.lock\" > /dev/null\nif [ $? != 0 ] ; then\n    # print error to STDERR\n    echo \"error: The sandbox is not in sync with the Podfile.lock. Run 'pod install' or update your CocoaPods installation.\" >&2\n    exit 1\nfi\n# This output is used by Xcode 'outputs' to avoid re-running this script phase.\necho \"SUCCESS\" > \"${SCRIPT_OUTPUT_FILE_0}\"\n";
			showEnvVarsInLog = 0;
		};
		F3942F4AE52CAC75D84776C8 /* [CP] Embed Pods Frameworks */ = {
			isa = PBXShellScriptBuildPhase;
			buildActionMask = 2147483647;
			files = (
			);
			inputFileListPaths = (
				"${PODS_ROOT}/Target Support Files/Pods-MyGpsMap/Pods-MyGpsMap-frameworks-${CONFIGURATION}-input-files.xcfilelist",
			);
			name = "[CP] Embed Pods Frameworks";
			outputFileListPaths = (
				"${PODS_ROOT}/Target Support Files/Pods-MyGpsMap/Pods-MyGpsMap-frameworks-${CONFIGURATION}-output-files.xcfilelist",
			);
			runOnlyForDeploymentPostprocessing = 0;
			shellPath = /bin/sh;
			shellScript = "\"${PODS_ROOT}/Target Support Files/Pods-MyGpsMap/Pods-MyGpsMap-frameworks.sh\"\n";
			showEnvVarsInLog = 0;
		};
		FAC018CBF84C8EAA363DAA1C /* [CP] Check Pods Manifest.lock */ = {
			isa = PBXShellScriptBuildPhase;
			buildActionMask = 2147483647;
			files = (
			);
			inputFileListPaths = (
			);
			inputPaths = (
				"${PODS_PODFILE_DIR_PATH}/Podfile.lock",
				"${PODS_ROOT}/Manifest.lock",
			);
			name = "[CP] Check Pods Manifest.lock";
			outputFileListPaths = (
			);
			outputPaths = (
				"$(DERIVED_FILE_DIR)/Pods-MyGpsMapUITests-checkManifestLockResult.txt",
			);
			runOnlyForDeploymentPostprocessing = 0;
			shellPath = /bin/sh;
			shellScript = "diff \"${PODS_PODFILE_DIR_PATH}/Podfile.lock\" \"${PODS_ROOT}/Manifest.lock\" > /dev/null\nif [ $? != 0 ] ; then\n    # print error to STDERR\n    echo \"error: The sandbox is not in sync with the Podfile.lock. Run 'pod install' or update your CocoaPods installation.\" >&2\n    exit 1\nfi\n# This output is used by Xcode 'outputs' to avoid re-running this script phase.\necho \"SUCCESS\" > \"${SCRIPT_OUTPUT_FILE_0}\"\n";
			showEnvVarsInLog = 0;
		};
/* End PBXShellScriptBuildPhase section */

/* Begin PBXSourcesBuildPhase section */
		CA68F18C2CAC23030060B8BB /* Sources */ = {
			isa = PBXSourcesBuildPhase;
			buildActionMask = 2147483647;
			files = (
				CA06CE232CAED8FA0073950D /* RadikoManager.swift in Sources */,
				CAE89DF32CB1BB6D001F9DA3 /* UISetUpManager.swift in Sources */,
				CA68F1982CAC23030060B8BB /* ViewController.swift in Sources */,
				CA68F1942CAC23030060B8BB /* AppDelegate.swift in Sources */,
				CA06CE1F2CAED8240073950D /* SpotifyManager.swift in Sources */,
				CA06CE252CAED9BF0073950D /* MapManager.swift in Sources */,
				CA68F1962CAC23030060B8BB /* SceneDelegate.swift in Sources */,
				CA06CE212CAED8DA0073950D /* UserProfileManager.swift in Sources */,
				CA9E23A62CAEF5F7004842EC /* ViewController_Login.swift in Sources */,
				CAE89DF12CB1B359001F9DA3 /* Constant_Main.swift in Sources */,
				CA68F19E2CAC23030060B8BB /* MyGpsMap.xcdatamodeld in Sources */,
				CAE89DEF2CB1B1BC001F9DA3 /* Constant_Design.swift in Sources */,
			);
			runOnlyForDeploymentPostprocessing = 0;
		};
		CA68F1A52CAC23060060B8BB /* Sources */ = {
			isa = PBXSourcesBuildPhase;
			buildActionMask = 2147483647;
			files = (
				CA68F1AE2CAC23060060B8BB /* MyGpsMapTests.swift in Sources */,
			);
			runOnlyForDeploymentPostprocessing = 0;
		};
		CA68F1AF2CAC23060060B8BB /* Sources */ = {
			isa = PBXSourcesBuildPhase;
			buildActionMask = 2147483647;
			files = (
				CA68F1BA2CAC23060060B8BB /* MyGpsMapUITestsLaunchTests.swift in Sources */,
				CA68F1B82CAC23060060B8BB /* MyGpsMapUITests.swift in Sources */,
			);
			runOnlyForDeploymentPostprocessing = 0;
		};
/* End PBXSourcesBuildPhase section */

/* Begin PBXTargetDependency section */
		CA68F1AB2CAC23060060B8BB /* PBXTargetDependency */ = {
			isa = PBXTargetDependency;
			target = CA68F18F2CAC23030060B8BB /* MyGpsMap */;
			targetProxy = CA68F1AA2CAC23060060B8BB /* PBXContainerItemProxy */;
		};
		CA68F1B52CAC23060060B8BB /* PBXTargetDependency */ = {
			isa = PBXTargetDependency;
			target = CA68F18F2CAC23030060B8BB /* MyGpsMap */;
			targetProxy = CA68F1B42CAC23060060B8BB /* PBXContainerItemProxy */;
		};
/* End PBXTargetDependency section */

/* Begin PBXVariantGroup section */
		CA68F1992CAC23030060B8BB /* Main.storyboard */ = {
			isa = PBXVariantGroup;
			children = (
				CA68F19A2CAC23030060B8BB /* Base */,
			);
			name = Main.storyboard;
			sourceTree = "<group>";
		};
		CA68F1A12CAC23050060B8BB /* LaunchScreen.storyboard */ = {
			isa = PBXVariantGroup;
			children = (
				CA68F1A22CAC23050060B8BB /* Base */,
			);
			name = LaunchScreen.storyboard;
			sourceTree = "<group>";
		};
/* End PBXVariantGroup section */

/* Begin XCBuildConfiguration section */
		CA68F1BB2CAC23060060B8BB /* Debug */ = {
			isa = XCBuildConfiguration;
			buildSettings = {
				ALWAYS_SEARCH_USER_PATHS = NO;
				ASSETCATALOG_COMPILER_GENERATE_SWIFT_ASSET_SYMBOL_EXTENSIONS = YES;
				CLANG_ANALYZER_NONNULL = YES;
				CLANG_ANALYZER_NUMBER_OBJECT_CONVERSION = YES_AGGRESSIVE;
				CLANG_CXX_LANGUAGE_STANDARD = "gnu++20";
				CLANG_ENABLE_MODULES = YES;
				CLANG_ENABLE_OBJC_ARC = YES;
				CLANG_ENABLE_OBJC_WEAK = YES;
				CLANG_WARN_BLOCK_CAPTURE_AUTORELEASING = YES;
				CLANG_WARN_BOOL_CONVERSION = YES;
				CLANG_WARN_COMMA = YES;
				CLANG_WARN_CONSTANT_CONVERSION = YES;
				CLANG_WARN_DEPRECATED_OBJC_IMPLEMENTATIONS = YES;
				CLANG_WARN_DIRECT_OBJC_ISA_USAGE = YES_ERROR;
				CLANG_WARN_DOCUMENTATION_COMMENTS = YES;
				CLANG_WARN_EMPTY_BODY = YES;
				CLANG_WARN_ENUM_CONVERSION = YES;
				CLANG_WARN_INFINITE_RECURSION = YES;
				CLANG_WARN_INT_CONVERSION = YES;
				CLANG_WARN_NON_LITERAL_NULL_CONVERSION = YES;
				CLANG_WARN_OBJC_IMPLICIT_RETAIN_SELF = YES;
				CLANG_WARN_OBJC_LITERAL_CONVERSION = YES;
				CLANG_WARN_OBJC_ROOT_CLASS = YES_ERROR;
				CLANG_WARN_QUOTED_INCLUDE_IN_FRAMEWORK_HEADER = YES;
				CLANG_WARN_RANGE_LOOP_ANALYSIS = YES;
				CLANG_WARN_STRICT_PROTOTYPES = YES;
				CLANG_WARN_SUSPICIOUS_MOVE = YES;
				CLANG_WARN_UNGUARDED_AVAILABILITY = YES_AGGRESSIVE;
				CLANG_WARN_UNREACHABLE_CODE = YES;
				CLANG_WARN__DUPLICATE_METHOD_MATCH = YES;
				COPY_PHASE_STRIP = NO;
				DEBUG_INFORMATION_FORMAT = dwarf;
				ENABLE_STRICT_OBJC_MSGSEND = YES;
				ENABLE_TESTABILITY = YES;
				ENABLE_USER_SCRIPT_SANDBOXING = YES;
				GCC_C_LANGUAGE_STANDARD = gnu17;
				GCC_DYNAMIC_NO_PIC = NO;
				GCC_NO_COMMON_BLOCKS = YES;
				GCC_OPTIMIZATION_LEVEL = 0;
				GCC_PREPROCESSOR_DEFINITIONS = (
					"DEBUG=1",
					"$(inherited)",
				);
				GCC_WARN_64_TO_32_BIT_CONVERSION = YES;
				GCC_WARN_ABOUT_RETURN_TYPE = YES_ERROR;
				GCC_WARN_UNDECLARED_SELECTOR = YES;
				GCC_WARN_UNINITIALIZED_AUTOS = YES_AGGRESSIVE;
				GCC_WARN_UNUSED_FUNCTION = YES;
				GCC_WARN_UNUSED_VARIABLE = YES;
				IPHONEOS_DEPLOYMENT_TARGET = 17.5;
				LOCALIZATION_PREFERS_STRING_CATALOGS = YES;
				MTL_ENABLE_DEBUG_INFO = INCLUDE_SOURCE;
				MTL_FAST_MATH = YES;
				ONLY_ACTIVE_ARCH = YES;
				SDKROOT = iphoneos;
				SWIFT_ACTIVE_COMPILATION_CONDITIONS = "DEBUG $(inherited)";
				SWIFT_OPTIMIZATION_LEVEL = "-Onone";
			};
			name = Debug;
		};
		CA68F1BC2CAC23060060B8BB /* Release */ = {
			isa = XCBuildConfiguration;
			buildSettings = {
				ALWAYS_SEARCH_USER_PATHS = NO;
				ASSETCATALOG_COMPILER_GENERATE_SWIFT_ASSET_SYMBOL_EXTENSIONS = YES;
				CLANG_ANALYZER_NONNULL = YES;
				CLANG_ANALYZER_NUMBER_OBJECT_CONVERSION = YES_AGGRESSIVE;
				CLANG_CXX_LANGUAGE_STANDARD = "gnu++20";
				CLANG_ENABLE_MODULES = YES;
				CLANG_ENABLE_OBJC_ARC = YES;
				CLANG_ENABLE_OBJC_WEAK = YES;
				CLANG_WARN_BLOCK_CAPTURE_AUTORELEASING = YES;
				CLANG_WARN_BOOL_CONVERSION = YES;
				CLANG_WARN_COMMA = YES;
				CLANG_WARN_CONSTANT_CONVERSION = YES;
				CLANG_WARN_DEPRECATED_OBJC_IMPLEMENTATIONS = YES;
				CLANG_WARN_DIRECT_OBJC_ISA_USAGE = YES_ERROR;
				CLANG_WARN_DOCUMENTATION_COMMENTS = YES;
				CLANG_WARN_EMPTY_BODY = YES;
				CLANG_WARN_ENUM_CONVERSION = YES;
				CLANG_WARN_INFINITE_RECURSION = YES;
				CLANG_WARN_INT_CONVERSION = YES;
				CLANG_WARN_NON_LITERAL_NULL_CONVERSION = YES;
				CLANG_WARN_OBJC_IMPLICIT_RETAIN_SELF = YES;
				CLANG_WARN_OBJC_LITERAL_CONVERSION = YES;
				CLANG_WARN_OBJC_ROOT_CLASS = YES_ERROR;
				CLANG_WARN_QUOTED_INCLUDE_IN_FRAMEWORK_HEADER = YES;
				CLANG_WARN_RANGE_LOOP_ANALYSIS = YES;
				CLANG_WARN_STRICT_PROTOTYPES = YES;
				CLANG_WARN_SUSPICIOUS_MOVE = YES;
				CLANG_WARN_UNGUARDED_AVAILABILITY = YES_AGGRESSIVE;
				CLANG_WARN_UNREACHABLE_CODE = YES;
				CLANG_WARN__DUPLICATE_METHOD_MATCH = YES;
				COPY_PHASE_STRIP = NO;
				DEBUG_INFORMATION_FORMAT = "dwarf-with-dsym";
				ENABLE_NS_ASSERTIONS = NO;
				ENABLE_STRICT_OBJC_MSGSEND = YES;
				ENABLE_USER_SCRIPT_SANDBOXING = YES;
				GCC_C_LANGUAGE_STANDARD = gnu17;
				GCC_NO_COMMON_BLOCKS = YES;
				GCC_WARN_64_TO_32_BIT_CONVERSION = YES;
				GCC_WARN_ABOUT_RETURN_TYPE = YES_ERROR;
				GCC_WARN_UNDECLARED_SELECTOR = YES;
				GCC_WARN_UNINITIALIZED_AUTOS = YES_AGGRESSIVE;
				GCC_WARN_UNUSED_FUNCTION = YES;
				GCC_WARN_UNUSED_VARIABLE = YES;
				IPHONEOS_DEPLOYMENT_TARGET = 17.5;
				LOCALIZATION_PREFERS_STRING_CATALOGS = YES;
				MTL_ENABLE_DEBUG_INFO = NO;
				MTL_FAST_MATH = YES;
				SDKROOT = iphoneos;
				SWIFT_COMPILATION_MODE = wholemodule;
				VALIDATE_PRODUCT = YES;
			};
			name = Release;
		};
		CA68F1BE2CAC23060060B8BB /* Debug */ = {
			isa = XCBuildConfiguration;
			baseConfigurationReference = FB6ADD9C33AD1A710E40DF53 /* Pods-MyGpsMap.debug.xcconfig */;
			buildSettings = {
				ASSETCATALOG_COMPILER_APPICON_NAME = AppIcon;
				ASSETCATALOG_COMPILER_GLOBAL_ACCENT_COLOR_NAME = AccentColor;
				CODE_SIGN_STYLE = Automatic;
				CURRENT_PROJECT_VERSION = 1;
				DEVELOPMENT_TEAM = MM3VK68663;
				ENABLE_USER_SCRIPT_SANDBOXING = NO;
				GENERATE_INFOPLIST_FILE = YES;
				INFOPLIST_FILE = MyGpsMap/Info.plist;
				INFOPLIST_KEY_UIApplicationSupportsIndirectInputEvents = YES;
				INFOPLIST_KEY_UILaunchStoryboardName = LaunchScreen;
				INFOPLIST_KEY_UIMainStoryboardFile = Main;
				INFOPLIST_KEY_UISupportedInterfaceOrientations_iPad = "UIInterfaceOrientationPortrait UIInterfaceOrientationPortraitUpsideDown UIInterfaceOrientationLandscapeLeft UIInterfaceOrientationLandscapeRight";
				INFOPLIST_KEY_UISupportedInterfaceOrientations_iPhone = "UIInterfaceOrientationPortrait UIInterfaceOrientationLandscapeLeft UIInterfaceOrientationLandscapeRight";
				LD_RUNPATH_SEARCH_PATHS = (
					"$(inherited)",
					"@executable_path/Frameworks",
				);
				MARKETING_VERSION = 1.0;
				PRODUCT_BUNDLE_IDENTIFIER = sinngoro456.MyGpsMap;
				PRODUCT_NAME = "$(TARGET_NAME)";
				SWIFT_EMIT_LOC_STRINGS = YES;
				SWIFT_VERSION = 5.0;
				TARGETED_DEVICE_FAMILY = "1,2";
			};
			name = Debug;
		};
		CA68F1BF2CAC23060060B8BB /* Release */ = {
			isa = XCBuildConfiguration;
			baseConfigurationReference = 5A39A44A68696742624C3203 /* Pods-MyGpsMap.release.xcconfig */;
			buildSettings = {
				ASSETCATALOG_COMPILER_APPICON_NAME = AppIcon;
				ASSETCATALOG_COMPILER_GLOBAL_ACCENT_COLOR_NAME = AccentColor;
				CODE_SIGN_STYLE = Automatic;
				CURRENT_PROJECT_VERSION = 1;
				DEVELOPMENT_TEAM = MM3VK68663;
				ENABLE_USER_SCRIPT_SANDBOXING = NO;
				GENERATE_INFOPLIST_FILE = YES;
				INFOPLIST_FILE = MyGpsMap/Info.plist;
				INFOPLIST_KEY_UIApplicationSupportsIndirectInputEvents = YES;
				INFOPLIST_KEY_UILaunchStoryboardName = LaunchScreen;
				INFOPLIST_KEY_UIMainStoryboardFile = Main;
				INFOPLIST_KEY_UISupportedInterfaceOrientations_iPad = "UIInterfaceOrientationPortrait UIInterfaceOrientationPortraitUpsideDown UIInterfaceOrientationLandscapeLeft UIInterfaceOrientationLandscapeRight";
				INFOPLIST_KEY_UISupportedInterfaceOrientations_iPhone = "UIInterfaceOrientationPortrait UIInterfaceOrientationLandscapeLeft UIInterfaceOrientationLandscapeRight";
				LD_RUNPATH_SEARCH_PATHS = (
					"$(inherited)",
					"@executable_path/Frameworks",
				);
				MARKETING_VERSION = 1.0;
				PRODUCT_BUNDLE_IDENTIFIER = sinngoro456.MyGpsMap;
				PRODUCT_NAME = "$(TARGET_NAME)";
				SWIFT_EMIT_LOC_STRINGS = YES;
				SWIFT_VERSION = 5.0;
				TARGETED_DEVICE_FAMILY = "1,2";
			};
			name = Release;
		};
		CA68F1C12CAC23060060B8BB /* Debug */ = {
			isa = XCBuildConfiguration;
			baseConfigurationReference = 5443C4C366FD18FED47F3B88 /* Pods-MyGpsMapTests.debug.xcconfig */;
			buildSettings = {
				ALWAYS_EMBED_SWIFT_STANDARD_LIBRARIES = YES;
				BUNDLE_LOADER = "$(TEST_HOST)";
				CODE_SIGN_STYLE = Automatic;
				CURRENT_PROJECT_VERSION = 1;
				DEVELOPMENT_TEAM = MM3VK68663;
				GENERATE_INFOPLIST_FILE = YES;
				IPHONEOS_DEPLOYMENT_TARGET = 17.5;
				MARKETING_VERSION = 1.0;
				PRODUCT_BUNDLE_IDENTIFIER = sinngoro456.MyGpsMapTests;
				PRODUCT_NAME = "$(TARGET_NAME)";
				SWIFT_EMIT_LOC_STRINGS = NO;
				SWIFT_VERSION = 5.0;
				TARGETED_DEVICE_FAMILY = "1,2";
				TEST_HOST = "$(BUILT_PRODUCTS_DIR)/MyGpsMap.app/$(BUNDLE_EXECUTABLE_FOLDER_PATH)/MyGpsMap";
			};
			name = Debug;
		};
		CA68F1C22CAC23060060B8BB /* Release */ = {
			isa = XCBuildConfiguration;
			baseConfigurationReference = 5586F62F066ED61BEEEF194A /* Pods-MyGpsMapTests.release.xcconfig */;
			buildSettings = {
				ALWAYS_EMBED_SWIFT_STANDARD_LIBRARIES = YES;
				BUNDLE_LOADER = "$(TEST_HOST)";
				CODE_SIGN_STYLE = Automatic;
				CURRENT_PROJECT_VERSION = 1;
				DEVELOPMENT_TEAM = MM3VK68663;
				GENERATE_INFOPLIST_FILE = YES;
				IPHONEOS_DEPLOYMENT_TARGET = 17.5;
				MARKETING_VERSION = 1.0;
				PRODUCT_BUNDLE_IDENTIFIER = sinngoro456.MyGpsMapTests;
				PRODUCT_NAME = "$(TARGET_NAME)";
				SWIFT_EMIT_LOC_STRINGS = NO;
				SWIFT_VERSION = 5.0;
				TARGETED_DEVICE_FAMILY = "1,2";
				TEST_HOST = "$(BUILT_PRODUCTS_DIR)/MyGpsMap.app/$(BUNDLE_EXECUTABLE_FOLDER_PATH)/MyGpsMap";
			};
			name = Release;
		};
		CA68F1C42CAC23060060B8BB /* Debug */ = {
			isa = XCBuildConfiguration;
			baseConfigurationReference = F843D1AAABE39DEB10FD9471 /* Pods-MyGpsMapUITests.debug.xcconfig */;
			buildSettings = {
				ALWAYS_EMBED_SWIFT_STANDARD_LIBRARIES = YES;
				CODE_SIGN_STYLE = Automatic;
				CURRENT_PROJECT_VERSION = 1;
				DEVELOPMENT_TEAM = MM3VK68663;
				GENERATE_INFOPLIST_FILE = YES;
				MARKETING_VERSION = 1.0;
				PRODUCT_BUNDLE_IDENTIFIER = sinngoro456.MyGpsMapUITests;
				PRODUCT_NAME = "$(TARGET_NAME)";
				SWIFT_EMIT_LOC_STRINGS = NO;
				SWIFT_VERSION = 5.0;
				TARGETED_DEVICE_FAMILY = "1,2";
				TEST_TARGET_NAME = MyGpsMap;
			};
			name = Debug;
		};
		CA68F1C52CAC23060060B8BB /* Release */ = {
			isa = XCBuildConfiguration;
			baseConfigurationReference = BFFD7E109785A2B48C3AA5EF /* Pods-MyGpsMapUITests.release.xcconfig */;
			buildSettings = {
				ALWAYS_EMBED_SWIFT_STANDARD_LIBRARIES = YES;
				CODE_SIGN_STYLE = Automatic;
				CURRENT_PROJECT_VERSION = 1;
				DEVELOPMENT_TEAM = MM3VK68663;
				GENERATE_INFOPLIST_FILE = YES;
				MARKETING_VERSION = 1.0;
				PRODUCT_BUNDLE_IDENTIFIER = sinngoro456.MyGpsMapUITests;
				PRODUCT_NAME = "$(TARGET_NAME)";
				SWIFT_EMIT_LOC_STRINGS = NO;
				SWIFT_VERSION = 5.0;
				TARGETED_DEVICE_FAMILY = "1,2";
				TEST_TARGET_NAME = MyGpsMap;
			};
			name = Release;
		};
/* End XCBuildConfiguration section */

/* Begin XCConfigurationList section */
		CA68F18B2CAC23030060B8BB /* Build configuration list for PBXProject "MyGpsMap" */ = {
			isa = XCConfigurationList;
			buildConfigurations = (
				CA68F1BB2CAC23060060B8BB /* Debug */,
				CA68F1BC2CAC23060060B8BB /* Release */,
			);
			defaultConfigurationIsVisible = 0;
			defaultConfigurationName = Release;
		};
		CA68F1BD2CAC23060060B8BB /* Build configuration list for PBXNativeTarget "MyGpsMap" */ = {
			isa = XCConfigurationList;
			buildConfigurations = (
				CA68F1BE2CAC23060060B8BB /* Debug */,
				CA68F1BF2CAC23060060B8BB /* Release */,
			);
			defaultConfigurationIsVisible = 0;
			defaultConfigurationName = Release;
		};
		CA68F1C02CAC23060060B8BB /* Build configuration list for PBXNativeTarget "MyGpsMapTests" */ = {
			isa = XCConfigurationList;
			buildConfigurations = (
				CA68F1C12CAC23060060B8BB /* Debug */,
				CA68F1C22CAC23060060B8BB /* Release */,
			);
			defaultConfigurationIsVisible = 0;
			defaultConfigurationName = Release;
		};
		CA68F1C32CAC23060060B8BB /* Build configuration list for PBXNativeTarget "MyGpsMapUITests" */ = {
			isa = XCConfigurationList;
			buildConfigurations = (
				CA68F1C42CAC23060060B8BB /* Debug */,
				CA68F1C52CAC23060060B8BB /* Release */,
			);
			defaultConfigurationIsVisible = 0;
			defaultConfigurationName = Release;
		};
/* End XCConfigurationList section */

/* Begin XCVersionGroup section */
		CA68F19C2CAC23030060B8BB /* MyGpsMap.xcdatamodeld */ = {
			isa = XCVersionGroup;
			children = (
				CA68F19D2CAC23030060B8BB /* MyGpsMap.xcdatamodel */,
			);
			currentVersion = CA68F19D2CAC23030060B8BB /* MyGpsMap.xcdatamodel */;
			path = MyGpsMap.xcdatamodeld;
			sourceTree = "<group>";
			versionGroupType = wrapper.xcdatamodel;
		};
/* End XCVersionGroup section */
	};
	rootObject = CA68F1882CAC23030060B8BB /* Project object */;
}
