// !$*UTF8*$!
{
	archiveVersion = 1;
	classes = {
	};
	objectVersion = 56;
	objects = {

/* Begin PBXBuildFile section */
		118609094FF48C3750F28088 /* Pods_MyGpsMapTests.framework in Frameworks */ = {isa = PBXBuildFile; fileRef = 34D4546472C59A790D38DA85 /* Pods_MyGpsMapTests.framework */; };
		8E3E8F69BA4BD062519D89BC /* amplifyconfiguration.json in Resources */ = {isa = PBXBuildFile; fileRef = 496DD731DC8AA533FE5C0E9E /* amplifyconfiguration.json */; };
		99D2DFC54C0CE7054BEAC45A /* awsconfiguration.json in Resources */ = {isa = PBXBuildFile; fileRef = DEBBCC96568A13679E716D0A /* awsconfiguration.json */; };
		9B33BE16E871E8295C7B07E6 /* Pods_MyGpsMapUITests.framework in Frameworks */ = {isa = PBXBuildFile; fileRef = 2299802AAF90E1DB8A1FB7D7 /* Pods_MyGpsMapUITests.framework */; };
		CA33928E2D6CFBAF00F77832 /* LocationManager.swift in Sources */ = {isa = PBXBuildFile; fileRef = CA33928D2D6CFBAF00F77832 /* LocationManager.swift */; };
		CA3392912D6E16B400F77832 /* GooglePlacesSwift in Frameworks */ = {isa = PBXBuildFile; productRef = CA3392902D6E16B400F77832 /* GooglePlacesSwift */; };
		CA3967DA2D676D00004BBE38 /* MapView.swift in Sources */ = {isa = PBXBuildFile; fileRef = CA3967D92D676D00004BBE38 /* MapView.swift */; };
		CA3967DC2D67857B004BBE38 /* RideView.swift in Sources */ = {isa = PBXBuildFile; fileRef = CA3967DB2D67857B004BBE38 /* RideView.swift */; };
		CA404DA12D6CD517008538C2 /* SpotView.swift in Sources */ = {isa = PBXBuildFile; fileRef = CA404DA02D6CD517008538C2 /* SpotView.swift */; };
		CA404DA32D6CD978008538C2 /* SearchView.swift in Sources */ = {isa = PBXBuildFile; fileRef = CA404DA22D6CD978008538C2 /* SearchView.swift */; };
		CA404DA52D6CDC65008538C2 /* iconForMapItem.swift in Sources */ = {isa = PBXBuildFile; fileRef = CA404DA42D6CDC65008538C2 /* iconForMapItem.swift */; };
		CA40FD032D11B742002052C1 /* AWSCognitoAuthPlugin in Frameworks */ = {isa = PBXBuildFile; productRef = CA40FD022D11B742002052C1 /* AWSCognitoAuthPlugin */; };
		CA40FD052D11B742002052C1 /* Amplify in Frameworks */ = {isa = PBXBuildFile; productRef = CA40FD042D11B742002052C1 /* Amplify */; };
		CA5B7F6E2D685A7700EC14AA /* MyPageView.swift in Sources */ = {isa = PBXBuildFile; fileRef = CA5B7F6D2D685A7700EC14AA /* MyPageView.swift */; };
		CA5B7F7B2D68DBC700EC14AA /* PinEditView.swift in Sources */ = {isa = PBXBuildFile; fileRef = CA5B7F7A2D68DBC700EC14AA /* PinEditView.swift */; };
		CA5B7F7D2D68EAE500EC14AA /* ImagePicker.swift in Sources */ = {isa = PBXBuildFile; fileRef = CA5B7F7C2D68EAE500EC14AA /* ImagePicker.swift */; };
		CA5B7F812D69037500EC14AA /* MapViewWrapper.swift in Sources */ = {isa = PBXBuildFile; fileRef = CA5B7F802D69037500EC14AA /* MapViewWrapper.swift */; };
		CA6056332D0BF07600CFC5C3 /* ViewController_Login.swift in Sources */ = {isa = PBXBuildFile; fileRef = CA6056322D0BF07600CFC5C3 /* ViewController_Login.swift */; };
		CA68F1942CAC23030060B8BB /* AppDelegate.swift in Sources */ = {isa = PBXBuildFile; fileRef = CA68F1932CAC23030060B8BB /* AppDelegate.swift */; };
		CA68F19E2CAC23030060B8BB /* MyGpsMap.xcdatamodeld in Sources */ = {isa = PBXBuildFile; fileRef = CA68F19C2CAC23030060B8BB /* MyGpsMap.xcdatamodeld */; };
		CA68F1A02CAC23050060B8BB /* Assets.xcassets in Resources */ = {isa = PBXBuildFile; fileRef = CA68F19F2CAC23050060B8BB /* Assets.xcassets */; };
		CA68F1AE2CAC23060060B8BB /* MyGpsMapTests.swift in Sources */ = {isa = PBXBuildFile; fileRef = CA68F1AD2CAC23060060B8BB /* MyGpsMapTests.swift */; };
		CA68F1B82CAC23060060B8BB /* MyGpsMapUITests.swift in Sources */ = {isa = PBXBuildFile; fileRef = CA68F1B72CAC23060060B8BB /* MyGpsMapUITests.swift */; };
		CA68F1BA2CAC23060060B8BB /* MyGpsMapUITestsLaunchTests.swift in Sources */ = {isa = PBXBuildFile; fileRef = CA68F1B92CAC23060060B8BB /* MyGpsMapUITestsLaunchTests.swift */; };
		CA68F1C82CAC25500060B8BB /* MapKit.framework in Frameworks */ = {isa = PBXBuildFile; fileRef = CA68F1C72CAC25500060B8BB /* MapKit.framework */; };
		CAB28B3A2D674EC200975D6F /* ContentView.swift in Sources */ = {isa = PBXBuildFile; fileRef = CAB28B392D674EC200975D6F /* ContentView.swift */; };
		CAB28B402D67601700975D6F /* MyGpsMapApp.swift in Sources */ = {isa = PBXBuildFile; fileRef = CAB28B3F2D67601700975D6F /* MyGpsMapApp.swift */; };
		CADB0BE82D0AA7C9001C175D /* AuthService.swift in Sources */ = {isa = PBXBuildFile; fileRef = CADB0BE72D0AA7C9001C175D /* AuthService.swift */; };
		CADB0BEA2D0AA8EF001C175D /* SignInUISetUp.swift in Sources */ = {isa = PBXBuildFile; fileRef = CADB0BE92D0AA8EF001C175D /* SignInUISetUp.swift */; };
		CAE18A812D2723AF006D59F2 /* Data_Friend.swift in Sources */ = {isa = PBXBuildFile; fileRef = CAE18A802D2723AF006D59F2 /* Data_Friend.swift */; };
		CAE18A832D272570006D59F2 /* FriendManager.swift in Sources */ = {isa = PBXBuildFile; fileRef = CAE18A822D272570006D59F2 /* FriendManager.swift */; };
		CAE18A862D27794D006D59F2 /* UserSessionManager.swift in Sources */ = {isa = PBXBuildFile; fileRef = CAE18A852D27794D006D59F2 /* UserSessionManager.swift */; };
		CAE18A882D298D93006D59F2 /* MapPinFriendOrganizer.swift in Sources */ = {isa = PBXBuildFile; fileRef = CAE18A872D298D93006D59F2 /* MapPinFriendOrganizer.swift */; };
		CAE82BFD2D14081D003620BF /* PinManager.swift in Sources */ = {isa = PBXBuildFile; fileRef = CAE82BFC2D14081D003620BF /* PinManager.swift */; };
		CAE89DFC2CB2F094001F9DA3 /* Data_Pin.swift in Sources */ = {isa = PBXBuildFile; fileRef = CAE89DFB2CB2F094001F9DA3 /* Data_Pin.swift */; };
		CAE89E022CB2F8FB001F9DA3 /* CustomAnnotationView.swift in Sources */ = {isa = PBXBuildFile; fileRef = CAE89E012CB2F8FB001F9DA3 /* CustomAnnotationView.swift */; };
		CAFD51032D2318B700D544FF /* LocalSave.swift in Sources */ = {isa = PBXBuildFile; fileRef = CAFD51022D2318B700D544FF /* LocalSave.swift */; };
		CAFD51052D231BD700D544FF /* S3Save.swift in Sources */ = {isa = PBXBuildFile; fileRef = CAFD51042D231BD700D544FF /* S3Save.swift */; };
		CAFD51072D231BFE00D544FF /* DynamoDBSave.swift in Sources */ = {isa = PBXBuildFile; fileRef = CAFD51062D231BFE00D544FF /* DynamoDBSave.swift */; };
		E37E8CD4F84F14D197A2AE88 /* Pods_MyGpsMap.framework in Frameworks */ = {isa = PBXBuildFile; fileRef = E64B182F3DAB40C8F6F4E90A /* Pods_MyGpsMap.framework */; };
/* End PBXBuildFile section */

/* Begin PBXContainerItemProxy section */
		CA68F1AA2CAC23060060B8BB /* PBXContainerItemProxy */ = {
			isa = PBXContainerItemProxy;
			containerPortal = CA68F1882CAC23030060B8BB /* Project object */;
			proxyType = 1;
			remoteGlobalIDString = CA68F18F2CAC23030060B8BB;
			remoteInfo = MyGpsMap;
		};
		CA68F1B42CAC23060060B8BB /* PBXContainerItemProxy */ = {
			isa = PBXContainerItemProxy;
			containerPortal = CA68F1882CAC23030060B8BB /* Project object */;
			proxyType = 1;
			remoteGlobalIDString = CA68F18F2CAC23030060B8BB;
			remoteInfo = MyGpsMap;
		};
/* End PBXContainerItemProxy section */

/* Begin PBXFileReference section */
		2299802AAF90E1DB8A1FB7D7 /* Pods_MyGpsMapUITests.framework */ = {isa = PBXFileReference; explicitFileType = wrapper.framework; includeInIndex = 0; path = Pods_MyGpsMapUITests.framework; sourceTree = BUILT_PRODUCTS_DIR; };
		34D4546472C59A790D38DA85 /* Pods_MyGpsMapTests.framework */ = {isa = PBXFileReference; explicitFileType = wrapper.framework; includeInIndex = 0; path = Pods_MyGpsMapTests.framework; sourceTree = BUILT_PRODUCTS_DIR; };
		36CAA20A4FF5C19F3252A316 /* Pods-MyGpsMap.release.xcconfig */ = {isa = PBXFileReference; includeInIndex = 1; lastKnownFileType = text.xcconfig; name = "Pods-MyGpsMap.release.xcconfig"; path = "Target Support Files/Pods-MyGpsMap/Pods-MyGpsMap.release.xcconfig"; sourceTree = "<group>"; };
		496DD731DC8AA533FE5C0E9E /* amplifyconfiguration.json */ = {isa = PBXFileReference; explicitFileType = text.json; path = amplifyconfiguration.json; sourceTree = "<group>"; };
		55E04A684A9B350BB07B8841 /* Pods-MyGpsMapTests.release.xcconfig */ = {isa = PBXFileReference; includeInIndex = 1; lastKnownFileType = text.xcconfig; name = "Pods-MyGpsMapTests.release.xcconfig"; path = "Target Support Files/Pods-MyGpsMapTests/Pods-MyGpsMapTests.release.xcconfig"; sourceTree = "<group>"; };
		7A7784B5558F1E65D883A8B5 /* Pods-MyGpsMap.debug.xcconfig */ = {isa = PBXFileReference; includeInIndex = 1; lastKnownFileType = text.xcconfig; name = "Pods-MyGpsMap.debug.xcconfig"; path = "Target Support Files/Pods-MyGpsMap/Pods-MyGpsMap.debug.xcconfig"; sourceTree = "<group>"; };
		C76CAF91FE9B18AC9A500EC9 /* Pods-MyGpsMapUITests.release.xcconfig */ = {isa = PBXFileReference; includeInIndex = 1; lastKnownFileType = text.xcconfig; name = "Pods-MyGpsMapUITests.release.xcconfig"; path = "Target Support Files/Pods-MyGpsMapUITests/Pods-MyGpsMapUITests.release.xcconfig"; sourceTree = "<group>"; };
		C889174FA7233287F07A05BD /* Pods-MyGpsMapTests.debug.xcconfig */ = {isa = PBXFileReference; includeInIndex = 1; lastKnownFileType = text.xcconfig; name = "Pods-MyGpsMapTests.debug.xcconfig"; path = "Target Support Files/Pods-MyGpsMapTests/Pods-MyGpsMapTests.debug.xcconfig"; sourceTree = "<group>"; };
		CA33928D2D6CFBAF00F77832 /* LocationManager.swift */ = {isa = PBXFileReference; lastKnownFileType = sourcecode.swift; path = LocationManager.swift; sourceTree = "<group>"; };
		CA3967D92D676D00004BBE38 /* MapView.swift */ = {isa = PBXFileReference; lastKnownFileType = sourcecode.swift; path = MapView.swift; sourceTree = "<group>"; };
		CA3967DB2D67857B004BBE38 /* RideView.swift */ = {isa = PBXFileReference; lastKnownFileType = sourcecode.swift; path = RideView.swift; sourceTree = "<group>"; };
		CA404DA02D6CD517008538C2 /* SpotView.swift */ = {isa = PBXFileReference; lastKnownFileType = sourcecode.swift; path = SpotView.swift; sourceTree = "<group>"; };
		CA404DA22D6CD978008538C2 /* SearchView.swift */ = {isa = PBXFileReference; lastKnownFileType = sourcecode.swift; path = SearchView.swift; sourceTree = "<group>"; };
		CA404DA42D6CDC65008538C2 /* iconForMapItem.swift */ = {isa = PBXFileReference; lastKnownFileType = sourcecode.swift; path = iconForMapItem.swift; sourceTree = "<group>"; };
		CA5B7F6D2D685A7700EC14AA /* MyPageView.swift */ = {isa = PBXFileReference; lastKnownFileType = sourcecode.swift; path = MyPageView.swift; sourceTree = "<group>"; };
		CA5B7F782D686CB500EC14AA /* Info.plist */ = {isa = PBXFileReference; fileEncoding = 4; lastKnownFileType = text.plist.xml; path = Info.plist; sourceTree = "<group>"; };
		CA5B7F7A2D68DBC700EC14AA /* PinEditView.swift */ = {isa = PBXFileReference; lastKnownFileType = sourcecode.swift; path = PinEditView.swift; sourceTree = "<group>"; };
		CA5B7F7C2D68EAE500EC14AA /* ImagePicker.swift */ = {isa = PBXFileReference; lastKnownFileType = sourcecode.swift; path = ImagePicker.swift; sourceTree = "<group>"; };
		CA5B7F802D69037500EC14AA /* MapViewWrapper.swift */ = {isa = PBXFileReference; lastKnownFileType = sourcecode.swift; path = MapViewWrapper.swift; sourceTree = "<group>"; };
		CA6056322D0BF07600CFC5C3 /* ViewController_Login.swift */ = {isa = PBXFileReference; fileEncoding = 4; lastKnownFileType = sourcecode.swift; path = ViewController_Login.swift; sourceTree = "<group>"; };
		CA68F1902CAC23030060B8BB /* MyGpsMap.app */ = {isa = PBXFileReference; explicitFileType = wrapper.application; includeInIndex = 0; path = MyGpsMap.app; sourceTree = BUILT_PRODUCTS_DIR; };
		CA68F1932CAC23030060B8BB /* AppDelegate.swift */ = {isa = PBXFileReference; lastKnownFileType = sourcecode.swift; path = AppDelegate.swift; sourceTree = "<group>"; };
		CA68F19D2CAC23030060B8BB /* MyGpsMap.xcdatamodel */ = {isa = PBXFileReference; lastKnownFileType = wrapper.xcdatamodel; path = MyGpsMap.xcdatamodel; sourceTree = "<group>"; };
		CA68F19F2CAC23050060B8BB /* Assets.xcassets */ = {isa = PBXFileReference; lastKnownFileType = folder.assetcatalog; path = Assets.xcassets; sourceTree = "<group>"; };
		CA68F1A92CAC23060060B8BB /* MyGpsMapTests.xctest */ = {isa = PBXFileReference; explicitFileType = wrapper.cfbundle; includeInIndex = 0; path = MyGpsMapTests.xctest; sourceTree = BUILT_PRODUCTS_DIR; };
		CA68F1AD2CAC23060060B8BB /* MyGpsMapTests.swift */ = {isa = PBXFileReference; lastKnownFileType = sourcecode.swift; path = MyGpsMapTests.swift; sourceTree = "<group>"; };
		CA68F1B32CAC23060060B8BB /* MyGpsMapUITests.xctest */ = {isa = PBXFileReference; explicitFileType = wrapper.cfbundle; includeInIndex = 0; path = MyGpsMapUITests.xctest; sourceTree = BUILT_PRODUCTS_DIR; };
		CA68F1B72CAC23060060B8BB /* MyGpsMapUITests.swift */ = {isa = PBXFileReference; lastKnownFileType = sourcecode.swift; path = MyGpsMapUITests.swift; sourceTree = "<group>"; };
		CA68F1B92CAC23060060B8BB /* MyGpsMapUITestsLaunchTests.swift */ = {isa = PBXFileReference; lastKnownFileType = sourcecode.swift; path = MyGpsMapUITestsLaunchTests.swift; sourceTree = "<group>"; };
		CA68F1C72CAC25500060B8BB /* MapKit.framework */ = {isa = PBXFileReference; lastKnownFileType = wrapper.framework; name = MapKit.framework; path = System/Library/Frameworks/MapKit.framework; sourceTree = SDKROOT; };
		CAB28B392D674EC200975D6F /* ContentView.swift */ = {isa = PBXFileReference; lastKnownFileType = sourcecode.swift; path = ContentView.swift; sourceTree = "<group>"; };
		CAB28B3F2D67601700975D6F /* MyGpsMapApp.swift */ = {isa = PBXFileReference; lastKnownFileType = sourcecode.swift; path = MyGpsMapApp.swift; sourceTree = "<group>"; };
		CADB0BE72D0AA7C9001C175D /* AuthService.swift */ = {isa = PBXFileReference; lastKnownFileType = sourcecode.swift; path = AuthService.swift; sourceTree = "<group>"; };
		CADB0BE92D0AA8EF001C175D /* SignInUISetUp.swift */ = {isa = PBXFileReference; lastKnownFileType = sourcecode.swift; path = SignInUISetUp.swift; sourceTree = "<group>"; };
		CAE18A802D2723AF006D59F2 /* Data_Friend.swift */ = {isa = PBXFileReference; lastKnownFileType = sourcecode.swift; path = Data_Friend.swift; sourceTree = "<group>"; };
		CAE18A822D272570006D59F2 /* FriendManager.swift */ = {isa = PBXFileReference; lastKnownFileType = sourcecode.swift; path = FriendManager.swift; sourceTree = "<group>"; };
		CAE18A852D27794D006D59F2 /* UserSessionManager.swift */ = {isa = PBXFileReference; lastKnownFileType = sourcecode.swift; path = UserSessionManager.swift; sourceTree = "<group>"; };
		CAE18A872D298D93006D59F2 /* MapPinFriendOrganizer.swift */ = {isa = PBXFileReference; lastKnownFileType = sourcecode.swift; path = MapPinFriendOrganizer.swift; sourceTree = "<group>"; };
		CAE82BFC2D14081D003620BF /* PinManager.swift */ = {isa = PBXFileReference; lastKnownFileType = sourcecode.swift; path = PinManager.swift; sourceTree = "<group>"; };
		CAE89DFB2CB2F094001F9DA3 /* Data_Pin.swift */ = {isa = PBXFileReference; lastKnownFileType = sourcecode.swift; path = Data_Pin.swift; sourceTree = "<group>"; };
		CAE89E012CB2F8FB001F9DA3 /* CustomAnnotationView.swift */ = {isa = PBXFileReference; lastKnownFileType = sourcecode.swift; path = CustomAnnotationView.swift; sourceTree = "<group>"; };
		CAFD51022D2318B700D544FF /* LocalSave.swift */ = {isa = PBXFileReference; lastKnownFileType = sourcecode.swift; path = LocalSave.swift; sourceTree = "<group>"; };
		CAFD51042D231BD700D544FF /* S3Save.swift */ = {isa = PBXFileReference; lastKnownFileType = sourcecode.swift; path = S3Save.swift; sourceTree = "<group>"; };
		CAFD51062D231BFE00D544FF /* DynamoDBSave.swift */ = {isa = PBXFileReference; lastKnownFileType = sourcecode.swift; path = DynamoDBSave.swift; sourceTree = "<group>"; };
		CE59D30DDDCE16D2A5C172F1 /* Pods-MyGpsMapUITests.debug.xcconfig */ = {isa = PBXFileReference; includeInIndex = 1; lastKnownFileType = text.xcconfig; name = "Pods-MyGpsMapUITests.debug.xcconfig"; path = "Target Support Files/Pods-MyGpsMapUITests/Pods-MyGpsMapUITests.debug.xcconfig"; sourceTree = "<group>"; };
		DEBBCC96568A13679E716D0A /* awsconfiguration.json */ = {isa = PBXFileReference; explicitFileType = text.json; path = awsconfiguration.json; sourceTree = "<group>"; };
		E64B182F3DAB40C8F6F4E90A /* Pods_MyGpsMap.framework */ = {isa = PBXFileReference; explicitFileType = wrapper.framework; includeInIndex = 0; path = Pods_MyGpsMap.framework; sourceTree = BUILT_PRODUCTS_DIR; };
/* End PBXFileReference section */

/* Begin PBXFrameworksBuildPhase section */
		CA68F18D2CAC23030060B8BB /* Frameworks */ = {
			isa = PBXFrameworksBuildPhase;
			buildActionMask = 2147483647;
			files = (
				CA68F1C82CAC25500060B8BB /* MapKit.framework in Frameworks */,
				CA3392912D6E16B400F77832 /* GooglePlacesSwift in Frameworks */,
				CA40FD052D11B742002052C1 /* Amplify in Frameworks */,
				CA40FD032D11B742002052C1 /* AWSCognitoAuthPlugin in Frameworks */,
				E37E8CD4F84F14D197A2AE88 /* Pods_MyGpsMap.framework in Frameworks */,
			);
			runOnlyForDeploymentPostprocessing = 0;
		};
		CA68F1A62CAC23060060B8BB /* Frameworks */ = {
			isa = PBXFrameworksBuildPhase;
			buildActionMask = 2147483647;
			files = (
				118609094FF48C3750F28088 /* Pods_MyGpsMapTests.framework in Frameworks */,
			);
			runOnlyForDeploymentPostprocessing = 0;
		};
		CA68F1B02CAC23060060B8BB /* Frameworks */ = {
			isa = PBXFrameworksBuildPhase;
			buildActionMask = 2147483647;
			files = (
				9B33BE16E871E8295C7B07E6 /* Pods_MyGpsMapUITests.framework in Frameworks */,
			);
			runOnlyForDeploymentPostprocessing = 0;
		};
/* End PBXFrameworksBuildPhase section */

/* Begin PBXGroup section */
		041569E80246B03E73A939CD /* Pods */ = {
			isa = PBXGroup;
			children = (
				7A7784B5558F1E65D883A8B5 /* Pods-MyGpsMap.debug.xcconfig */,
				36CAA20A4FF5C19F3252A316 /* Pods-MyGpsMap.release.xcconfig */,
				C889174FA7233287F07A05BD /* Pods-MyGpsMapTests.debug.xcconfig */,
				55E04A684A9B350BB07B8841 /* Pods-MyGpsMapTests.release.xcconfig */,
				CE59D30DDDCE16D2A5C172F1 /* Pods-MyGpsMapUITests.debug.xcconfig */,
				C76CAF91FE9B18AC9A500EC9 /* Pods-MyGpsMapUITests.release.xcconfig */,
			);
			path = Pods;
			sourceTree = "<group>";
		};
		440F5A093368287883E5ECE7 /* AmplifyModels */ = {
			isa = PBXGroup;
			children = (
			);
			name = AmplifyModels;
			sourceTree = "<group>";
		};
		5FD2D4CB33DE9E069C90D1EC /* AmplifyConfig */ = {
			isa = PBXGroup;
			children = (
				DEBBCC96568A13679E716D0A /* awsconfiguration.json */,
				496DD731DC8AA533FE5C0E9E /* amplifyconfiguration.json */,
			);
			name = AmplifyConfig;
			sourceTree = "<group>";
		};
		CA06CE1A2CAED7B90073950D /* Map */ = {
			isa = PBXGroup;
			children = (
				CA3967D92D676D00004BBE38 /* MapView.swift */,
				CA5B7F802D69037500EC14AA /* MapViewWrapper.swift */,
				CAE18A8C2D299C79006D59F2 /* Definition */,
				CA404DA42D6CDC65008538C2 /* iconForMapItem.swift */,
			);
			path = Map;
			sourceTree = "<group>";
		};
		CA06CE1D2CAED7E30073950D /* UserProfile */ = {
			isa = PBXGroup;
			children = (
				CADB0BE92D0AA8EF001C175D /* SignInUISetUp.swift */,
				CA5B7F6D2D685A7700EC14AA /* MyPageView.swift */,
				CA6056322D0BF07600CFC5C3 /* ViewController_Login.swift */,
				CADB0BE72D0AA7C9001C175D /* AuthService.swift */,
				CAE18A852D27794D006D59F2 /* UserSessionManager.swift */,
			);
			path = UserProfile;
			sourceTree = "<group>";
		};
		CA68F1872CAC23030060B8BB = {
			isa = PBXGroup;
			children = (
				CA68F1922CAC23030060B8BB /* MyGpsMap */,
				CA68F1AC2CAC23060060B8BB /* MyGpsMapTests */,
				CA68F1B62CAC23060060B8BB /* MyGpsMapUITests */,
				CA68F1912CAC23030060B8BB /* Products */,
				CA68F1C62CAC25500060B8BB /* Frameworks */,
				5FD2D4CB33DE9E069C90D1EC /* AmplifyConfig */,
				041569E80246B03E73A939CD /* Pods */,
				440F5A093368287883E5ECE7 /* AmplifyModels */,
			);
			sourceTree = "<group>";
		};
		CA68F1912CAC23030060B8BB /* Products */ = {
			isa = PBXGroup;
			children = (
				CA68F1902CAC23030060B8BB /* MyGpsMap.app */,
				CA68F1A92CAC23060060B8BB /* MyGpsMapTests.xctest */,
				CA68F1B32CAC23060060B8BB /* MyGpsMapUITests.xctest */,
			);
			name = Products;
			sourceTree = "<group>";
		};
		CA68F1922CAC23030060B8BB /* MyGpsMap */ = {
			isa = PBXGroup;
			children = (
				CA68F1932CAC23030060B8BB /* AppDelegate.swift */,
				CAB28B3F2D67601700975D6F /* MyGpsMapApp.swift */,
				CA404DA22D6CD978008538C2 /* SearchView.swift */,
				CA404DA02D6CD517008538C2 /* SpotView.swift */,
				CAB28B392D674EC200975D6F /* ContentView.swift */,
				CA33928D2D6CFBAF00F77832 /* LocationManager.swift */,
				CA3967DB2D67857B004BBE38 /* RideView.swift */,
				CA5B7F782D686CB500EC14AA /* Info.plist */,
				CAE18A8B2D298E3A006D59F2 /* MapPinFriendOrganizer */,
				CA68F19F2CAC23050060B8BB /* Assets.xcassets */,
				CA68F19C2CAC23030060B8BB /* MyGpsMap.xcdatamodeld */,
			);
			path = MyGpsMap;
			sourceTree = "<group>";
		};
		CA68F1AC2CAC23060060B8BB /* MyGpsMapTests */ = {
			isa = PBXGroup;
			children = (
				CA68F1AD2CAC23060060B8BB /* MyGpsMapTests.swift */,
			);
			path = MyGpsMapTests;
			sourceTree = "<group>";
		};
		CA68F1B62CAC23060060B8BB /* MyGpsMapUITests */ = {
			isa = PBXGroup;
			children = (
				CA68F1B72CAC23060060B8BB /* MyGpsMapUITests.swift */,
				CA68F1B92CAC23060060B8BB /* MyGpsMapUITestsLaunchTests.swift */,
			);
			path = MyGpsMapUITests;
			sourceTree = "<group>";
		};
		CA68F1C62CAC25500060B8BB /* Frameworks */ = {
			isa = PBXGroup;
			children = (
				CA68F1C72CAC25500060B8BB /* MapKit.framework */,
				E64B182F3DAB40C8F6F4E90A /* Pods_MyGpsMap.framework */,
				34D4546472C59A790D38DA85 /* Pods_MyGpsMapTests.framework */,
				2299802AAF90E1DB8A1FB7D7 /* Pods_MyGpsMapUITests.framework */,
			);
			name = Frameworks;
			sourceTree = "<group>";
		};
		CAE18A7F2D272366006D59F2 /* Friend */ = {
			isa = PBXGroup;
			children = (
				CAE18A8D2D299C8E006D59F2 /* Definition */,
				CAE18A822D272570006D59F2 /* FriendManager.swift */,
			);
			path = Friend;
			sourceTree = "<group>";
		};
		CAE18A842D27262A006D59F2 /* Storage */ = {
			isa = PBXGroup;
			children = (
				CAFD51042D231BD700D544FF /* S3Save.swift */,
				CAFD51022D2318B700D544FF /* LocalSave.swift */,
				CAFD51062D231BFE00D544FF /* DynamoDBSave.swift */,
			);
			path = Storage;
			sourceTree = "<group>";
		};
		CAE18A8B2D298E3A006D59F2 /* MapPinFriendOrganizer */ = {
			isa = PBXGroup;
			children = (
				CAE18A872D298D93006D59F2 /* MapPinFriendOrganizer.swift */,
				CA06CE1D2CAED7E30073950D /* UserProfile */,
				CAE18A842D27262A006D59F2 /* Storage */,
				CAE18A7F2D272366006D59F2 /* Friend */,
				CAE89DF62CB2D6EE001F9DA3 /* Pin */,
				CA06CE1A2CAED7B90073950D /* Map */,
			);
			path = MapPinFriendOrganizer;
			sourceTree = "<group>";
		};
		CAE18A8C2D299C79006D59F2 /* Definition */ = {
			isa = PBXGroup;
			children = (
				CAE89E012CB2F8FB001F9DA3 /* CustomAnnotationView.swift */,
			);
			path = Definition;
			sourceTree = "<group>";
		};
		CAE18A8D2D299C8E006D59F2 /* Definition */ = {
			isa = PBXGroup;
			children = (
				CAE18A802D2723AF006D59F2 /* Data_Friend.swift */,
			);
			path = Definition;
			sourceTree = "<group>";
		};
		CAE89DF62CB2D6EE001F9DA3 /* Pin */ = {
			isa = PBXGroup;
			children = (
				CAFD51092D2329FA00D544FF /* Definition */,
				CAE82BFC2D14081D003620BF /* PinManager.swift */,
				CA5B7F7C2D68EAE500EC14AA /* ImagePicker.swift */,
				CA5B7F7A2D68DBC700EC14AA /* PinEditView.swift */,
			);
			path = Pin;
			sourceTree = "<group>";
		};
		CAFD51092D2329FA00D544FF /* Definition */ = {
			isa = PBXGroup;
			children = (
				CAE89DFB2CB2F094001F9DA3 /* Data_Pin.swift */,
			);
			path = Definition;
			sourceTree = "<group>";
		};
/* End PBXGroup section */

/* Begin PBXNativeTarget section */
		CA68F18F2CAC23030060B8BB /* MyGpsMap */ = {
			isa = PBXNativeTarget;
			buildConfigurationList = CA68F1BD2CAC23060060B8BB /* Build configuration list for PBXNativeTarget "MyGpsMap" */;
			buildPhases = (
				7D834D1C89B239D4D6355556 /* [CP] Check Pods Manifest.lock */,
				CA68F18C2CAC23030060B8BB /* Sources */,
				CA68F18D2CAC23030060B8BB /* Frameworks */,
				CA68F18E2CAC23030060B8BB /* Resources */,
				CDBF456FC473C2F77192BCCC /* [CP] Embed Pods Frameworks */,
			);
			buildRules = (
			);
			dependencies = (
			);
			name = MyGpsMap;
			packageProductDependencies = (
				CA40FD022D11B742002052C1 /* AWSCognitoAuthPlugin */,
				CA40FD042D11B742002052C1 /* Amplify */,
				CA3392902D6E16B400F77832 /* GooglePlacesSwift */,
			);
			productName = MyGpsMap;
			productReference = CA68F1902CAC23030060B8BB /* MyGpsMap.app */;
			productType = "com.apple.product-type.application";
		};
		CA68F1A82CAC23060060B8BB /* MyGpsMapTests */ = {
			isa = PBXNativeTarget;
			buildConfigurationList = CA68F1C02CAC23060060B8BB /* Build configuration list for PBXNativeTarget "MyGpsMapTests" */;
			buildPhases = (
				DFF4D0F0808885011E9781E5 /* [CP] Check Pods Manifest.lock */,
				CA68F1A52CAC23060060B8BB /* Sources */,
				CA68F1A62CAC23060060B8BB /* Frameworks */,
				CA68F1A72CAC23060060B8BB /* Resources */,
			);
			buildRules = (
			);
			dependencies = (
				CA68F1AB2CAC23060060B8BB /* PBXTargetDependency */,
			);
			name = MyGpsMapTests;
			productName = MyGpsMapTests;
			productReference = CA68F1A92CAC23060060B8BB /* MyGpsMapTests.xctest */;
			productType = "com.apple.product-type.bundle.unit-test";
		};
		CA68F1B22CAC23060060B8BB /* MyGpsMapUITests */ = {
			isa = PBXNativeTarget;
			buildConfigurationList = CA68F1C32CAC23060060B8BB /* Build configuration list for PBXNativeTarget "MyGpsMapUITests" */;
			buildPhases = (
				3906012EA6A59D4BA2FFE05E /* [CP] Check Pods Manifest.lock */,
				CA68F1AF2CAC23060060B8BB /* Sources */,
				CA68F1B02CAC23060060B8BB /* Frameworks */,
				CA68F1B12CAC23060060B8BB /* Resources */,
			);
			buildRules = (
			);
			dependencies = (
				CA68F1B52CAC23060060B8BB /* PBXTargetDependency */,
			);
			name = MyGpsMapUITests;
			productName = MyGpsMapUITests;
			productReference = CA68F1B32CAC23060060B8BB /* MyGpsMapUITests.xctest */;
			productType = "com.apple.product-type.bundle.ui-testing";
		};
/* End PBXNativeTarget section */

/* Begin PBXProject section */
		CA68F1882CAC23030060B8BB /* Project object */ = {
			isa = PBXProject;
			attributes = {
				BuildIndependentTargetsInParallel = 1;
				LastSwiftUpdateCheck = 1540;
				LastUpgradeCheck = 1540;
				TargetAttributes = {
					CA68F18F2CAC23030060B8BB = {
						CreatedOnToolsVersion = 15.4;
					};
					CA68F1A82CAC23060060B8BB = {
						CreatedOnToolsVersion = 15.4;
						TestTargetID = CA68F18F2CAC23030060B8BB;
					};
					CA68F1B22CAC23060060B8BB = {
						CreatedOnToolsVersion = 15.4;
						TestTargetID = CA68F18F2CAC23030060B8BB;
					};
				};
			};
			buildConfigurationList = CA68F18B2CAC23030060B8BB /* Build configuration list for PBXProject "MyGpsMap" */;
			compatibilityVersion = "Xcode 14.0";
			developmentRegion = en;
			hasScannedForEncodings = 0;
			knownRegions = (
				en,
				Base,
			);
			mainGroup = CA68F1872CAC23030060B8BB;
			packageReferences = (
				CADB0BE22D0AA36D001C175D /* XCRemoteSwiftPackageReference "amplify-ios" */,
				CA33928F2D6E16B400F77832 /* XCRemoteSwiftPackageReference "ios-places-sdk" */,
			);
			productRefGroup = CA68F1912CAC23030060B8BB /* Products */;
			projectDirPath = "";
			projectRoot = "";
			targets = (
				CA68F18F2CAC23030060B8BB /* MyGpsMap */,
				CA68F1A82CAC23060060B8BB /* MyGpsMapTests */,
				CA68F1B22CAC23060060B8BB /* MyGpsMapUITests */,
			);
		};
/* End PBXProject section */

/* Begin PBXResourcesBuildPhase section */
		CA68F18E2CAC23030060B8BB /* Resources */ = {
			isa = PBXResourcesBuildPhase;
			buildActionMask = 2147483647;
			files = (
				CA68F1A02CAC23050060B8BB /* Assets.xcassets in Resources */,
				99D2DFC54C0CE7054BEAC45A /* awsconfiguration.json in Resources */,
				8E3E8F69BA4BD062519D89BC /* amplifyconfiguration.json in Resources */,
			);
			runOnlyForDeploymentPostprocessing = 0;
		};
		CA68F1A72CAC23060060B8BB /* Resources */ = {
			isa = PBXResourcesBuildPhase;
			buildActionMask = 2147483647;
			files = (
			);
			runOnlyForDeploymentPostprocessing = 0;
		};
		CA68F1B12CAC23060060B8BB /* Resources */ = {
			isa = PBXResourcesBuildPhase;
			buildActionMask = 2147483647;
			files = (
			);
			runOnlyForDeploymentPostprocessing = 0;
		};
/* End PBXResourcesBuildPhase section */

/* Begin PBXShellScriptBuildPhase section */
		3906012EA6A59D4BA2FFE05E /* [CP] Check Pods Manifest.lock */ = {
			isa = PBXShellScriptBuildPhase;
			buildActionMask = 2147483647;
			files = (
			);
			inputFileListPaths = (
			);
			inputPaths = (
				"${PODS_PODFILE_DIR_PATH}/Podfile.lock",
				"${PODS_ROOT}/Manifest.lock",
			);
			name = "[CP] Check Pods Manifest.lock";
			outputFileListPaths = (
			);
			outputPaths = (
				"$(DERIVED_FILE_DIR)/Pods-MyGpsMapUITests-checkManifestLockResult.txt",
			);
			runOnlyForDeploymentPostprocessing = 0;
			shellPath = /bin/sh;
			shellScript = "diff \"${PODS_PODFILE_DIR_PATH}/Podfile.lock\" \"${PODS_ROOT}/Manifest.lock\" > /dev/null\nif [ $? != 0 ] ; then\n    # print error to STDERR\n    echo \"error: The sandbox is not in sync with the Podfile.lock. Run 'pod install' or update your CocoaPods installation.\" >&2\n    exit 1\nfi\n# This output is used by Xcode 'outputs' to avoid re-running this script phase.\necho \"SUCCESS\" > \"${SCRIPT_OUTPUT_FILE_0}\"\n";
			showEnvVarsInLog = 0;
		};
		7D834D1C89B239D4D6355556 /* [CP] Check Pods Manifest.lock */ = {
			isa = PBXShellScriptBuildPhase;
			buildActionMask = 2147483647;
			files = (
			);
			inputFileListPaths = (
			);
			inputPaths = (
				"${PODS_PODFILE_DIR_PATH}/Podfile.lock",
				"${PODS_ROOT}/Manifest.lock",
			);
			name = "[CP] Check Pods Manifest.lock";
			outputFileListPaths = (
			);
			outputPaths = (
				"$(DERIVED_FILE_DIR)/Pods-MyGpsMap-checkManifestLockResult.txt",
			);
			runOnlyForDeploymentPostprocessing = 0;
			shellPath = /bin/sh;
			shellScript = "diff \"${PODS_PODFILE_DIR_PATH}/Podfile.lock\" \"${PODS_ROOT}/Manifest.lock\" > /dev/null\nif [ $? != 0 ] ; then\n    # print error to STDERR\n    echo \"error: The sandbox is not in sync with the Podfile.lock. Run 'pod install' or update your CocoaPods installation.\" >&2\n    exit 1\nfi\n# This output is used by Xcode 'outputs' to avoid re-running this script phase.\necho \"SUCCESS\" > \"${SCRIPT_OUTPUT_FILE_0}\"\n";
			showEnvVarsInLog = 0;
		};
		CDBF456FC473C2F77192BCCC /* [CP] Embed Pods Frameworks */ = {
			isa = PBXShellScriptBuildPhase;
			buildActionMask = 2147483647;
			files = (
			);
			inputFileListPaths = (
				"${PODS_ROOT}/Target Support Files/Pods-MyGpsMap/Pods-MyGpsMap-frameworks-${CONFIGURATION}-input-files.xcfilelist",
			);
			inputPaths = (
			);
			name = "[CP] Embed Pods Frameworks";
			outputFileListPaths = (
				"${PODS_ROOT}/Target Support Files/Pods-MyGpsMap/Pods-MyGpsMap-frameworks-${CONFIGURATION}-output-files.xcfilelist",
			);
			outputPaths = (
			);
			runOnlyForDeploymentPostprocessing = 0;
			shellPath = /bin/sh;
			shellScript = "\"${PODS_ROOT}/Target Support Files/Pods-MyGpsMap/Pods-MyGpsMap-frameworks.sh\"\n";
			showEnvVarsInLog = 0;
		};
		DFF4D0F0808885011E9781E5 /* [CP] Check Pods Manifest.lock */ = {
			isa = PBXShellScriptBuildPhase;
			buildActionMask = 2147483647;
			files = (
			);
			inputFileListPaths = (
			);
			inputPaths = (
				"${PODS_PODFILE_DIR_PATH}/Podfile.lock",
				"${PODS_ROOT}/Manifest.lock",
			);
			name = "[CP] Check Pods Manifest.lock";
			outputFileListPaths = (
			);
			outputPaths = (
				"$(DERIVED_FILE_DIR)/Pods-MyGpsMapTests-checkManifestLockResult.txt",
			);
			runOnlyForDeploymentPostprocessing = 0;
			shellPath = /bin/sh;
			shellScript = "diff \"${PODS_PODFILE_DIR_PATH}/Podfile.lock\" \"${PODS_ROOT}/Manifest.lock\" > /dev/null\nif [ $? != 0 ] ; then\n    # print error to STDERR\n    echo \"error: The sandbox is not in sync with the Podfile.lock. Run 'pod install' or update your CocoaPods installation.\" >&2\n    exit 1\nfi\n# This output is used by Xcode 'outputs' to avoid re-running this script phase.\necho \"SUCCESS\" > \"${SCRIPT_OUTPUT_FILE_0}\"\n";
			showEnvVarsInLog = 0;
		};
/* End PBXShellScriptBuildPhase section */

/* Begin PBXSourcesBuildPhase section */
		CA68F18C2CAC23030060B8BB /* Sources */ = {
			isa = PBXSourcesBuildPhase;
			buildActionMask = 2147483647;
			files = (
				CA3967DC2D67857B004BBE38 /* RideView.swift in Sources */,
				CADB0BEA2D0AA8EF001C175D /* SignInUISetUp.swift in Sources */,
				CAFD51032D2318B700D544FF /* LocalSave.swift in Sources */,
				CA6056332D0BF07600CFC5C3 /* ViewController_Login.swift in Sources */,
				CA404DA12D6CD517008538C2 /* SpotView.swift in Sources */,
				CAE18A832D272570006D59F2 /* FriendManager.swift in Sources */,
				CA3967DA2D676D00004BBE38 /* MapView.swift in Sources */,
				CADB0BE82D0AA7C9001C175D /* AuthService.swift in Sources */,
				CA404DA32D6CD978008538C2 /* SearchView.swift in Sources */,
				CAFD51072D231BFE00D544FF /* DynamoDBSave.swift in Sources */,
				CAE18A862D27794D006D59F2 /* UserSessionManager.swift in Sources */,
				CA68F1942CAC23030060B8BB /* AppDelegate.swift in Sources */,
				CA404DA52D6CDC65008538C2 /* iconForMapItem.swift in Sources */,
				CAB28B3A2D674EC200975D6F /* ContentView.swift in Sources */,
				CAB28B402D67601700975D6F /* MyGpsMapApp.swift in Sources */,
				CAE18A812D2723AF006D59F2 /* Data_Friend.swift in Sources */,
				CA5B7F7D2D68EAE500EC14AA /* ImagePicker.swift in Sources */,
				CAE82BFD2D14081D003620BF /* PinManager.swift in Sources */,
				CAE89DFC2CB2F094001F9DA3 /* Data_Pin.swift in Sources */,
				CA5B7F6E2D685A7700EC14AA /* MyPageView.swift in Sources */,
				CAFD51052D231BD700D544FF /* S3Save.swift in Sources */,
				CA5B7F812D69037500EC14AA /* MapViewWrapper.swift in Sources */,
				CAE18A882D298D93006D59F2 /* MapPinFriendOrganizer.swift in Sources */,
				CA5B7F7B2D68DBC700EC14AA /* PinEditView.swift in Sources */,
				CA68F19E2CAC23030060B8BB /* MyGpsMap.xcdatamodeld in Sources */,
				CAE89E022CB2F8FB001F9DA3 /* CustomAnnotationView.swift in Sources */,
				CA33928E2D6CFBAF00F77832 /* LocationManager.swift in Sources */,
			);
			runOnlyForDeploymentPostprocessing = 0;
		};
		CA68F1A52CAC23060060B8BB /* Sources */ = {
			isa = PBXSourcesBuildPhase;
			buildActionMask = 2147483647;
			files = (
				CA68F1AE2CAC23060060B8BB /* MyGpsMapTests.swift in Sources */,
			);
			runOnlyForDeploymentPostprocessing = 0;
		};
		CA68F1AF2CAC23060060B8BB /* Sources */ = {
			isa = PBXSourcesBuildPhase;
			buildActionMask = 2147483647;
			files = (
				CA68F1BA2CAC23060060B8BB /* MyGpsMapUITestsLaunchTests.swift in Sources */,
				CA68F1B82CAC23060060B8BB /* MyGpsMapUITests.swift in Sources */,
			);
			runOnlyForDeploymentPostprocessing = 0;
		};
/* End PBXSourcesBuildPhase section */

/* Begin PBXTargetDependency section */
		CA68F1AB2CAC23060060B8BB /* PBXTargetDependency */ = {
			isa = PBXTargetDependency;
			target = CA68F18F2CAC23030060B8BB /* MyGpsMap */;
			targetProxy = CA68F1AA2CAC23060060B8BB /* PBXContainerItemProxy */;
		};
		CA68F1B52CAC23060060B8BB /* PBXTargetDependency */ = {
			isa = PBXTargetDependency;
			target = CA68F18F2CAC23030060B8BB /* MyGpsMap */;
			targetProxy = CA68F1B42CAC23060060B8BB /* PBXContainerItemProxy */;
		};
/* End PBXTargetDependency section */

/* Begin XCBuildConfiguration section */
		CA68F1BB2CAC23060060B8BB /* Debug */ = {
			isa = XCBuildConfiguration;
			buildSettings = {
				ALWAYS_SEARCH_USER_PATHS = NO;
				ASSETCATALOG_COMPILER_GENERATE_SWIFT_ASSET_SYMBOL_EXTENSIONS = YES;
				CLANG_ANALYZER_NONNULL = YES;
				CLANG_ANALYZER_NUMBER_OBJECT_CONVERSION = YES_AGGRESSIVE;
				CLANG_CXX_LANGUAGE_STANDARD = "gnu++20";
				CLANG_ENABLE_MODULES = YES;
				CLANG_ENABLE_OBJC_ARC = YES;
				CLANG_ENABLE_OBJC_WEAK = YES;
				CLANG_WARN_BLOCK_CAPTURE_AUTORELEASING = YES;
				CLANG_WARN_BOOL_CONVERSION = YES;
				CLANG_WARN_COMMA = YES;
				CLANG_WARN_CONSTANT_CONVERSION = YES;
				CLANG_WARN_DEPRECATED_OBJC_IMPLEMENTATIONS = YES;
				CLANG_WARN_DIRECT_OBJC_ISA_USAGE = YES_ERROR;
				CLANG_WARN_DOCUMENTATION_COMMENTS = YES;
				CLANG_WARN_EMPTY_BODY = YES;
				CLANG_WARN_ENUM_CONVERSION = YES;
				CLANG_WARN_INFINITE_RECURSION = YES;
				CLANG_WARN_INT_CONVERSION = YES;
				CLANG_WARN_NON_LITERAL_NULL_CONVERSION = YES;
				CLANG_WARN_OBJC_IMPLICIT_RETAIN_SELF = YES;
				CLANG_WARN_OBJC_LITERAL_CONVERSION = YES;
				CLANG_WARN_OBJC_ROOT_CLASS = YES_ERROR;
				CLANG_WARN_QUOTED_INCLUDE_IN_FRAMEWORK_HEADER = YES;
				CLANG_WARN_RANGE_LOOP_ANALYSIS = YES;
				CLANG_WARN_STRICT_PROTOTYPES = YES;
				CLANG_WARN_SUSPICIOUS_MOVE = YES;
				CLANG_WARN_UNGUARDED_AVAILABILITY = YES_AGGRESSIVE;
				CLANG_WARN_UNREACHABLE_CODE = YES;
				CLANG_WARN__DUPLICATE_METHOD_MATCH = YES;
				COPY_PHASE_STRIP = NO;
				DEBUG_INFORMATION_FORMAT = dwarf;
				ENABLE_STRICT_OBJC_MSGSEND = YES;
				ENABLE_TESTABILITY = YES;
				ENABLE_USER_SCRIPT_SANDBOXING = YES;
				GCC_C_LANGUAGE_STANDARD = gnu17;
				GCC_DYNAMIC_NO_PIC = NO;
				GCC_NO_COMMON_BLOCKS = YES;
				GCC_OPTIMIZATION_LEVEL = 0;
				GCC_PREPROCESSOR_DEFINITIONS = (
					"DEBUG=1",
					"$(inherited)",
				);
				GCC_WARN_64_TO_32_BIT_CONVERSION = YES;
				GCC_WARN_ABOUT_RETURN_TYPE = YES_ERROR;
				GCC_WARN_UNDECLARED_SELECTOR = YES;
				GCC_WARN_UNINITIALIZED_AUTOS = YES_AGGRESSIVE;
				GCC_WARN_UNUSED_FUNCTION = YES;
				GCC_WARN_UNUSED_VARIABLE = YES;
				IPHONEOS_DEPLOYMENT_TARGET = 17.5;
				LOCALIZATION_PREFERS_STRING_CATALOGS = YES;
				MTL_ENABLE_DEBUG_INFO = INCLUDE_SOURCE;
				MTL_FAST_MATH = YES;
				ONLY_ACTIVE_ARCH = YES;
				SDKROOT = iphoneos;
				SWIFT_ACTIVE_COMPILATION_CONDITIONS = "DEBUG $(inherited)";
				SWIFT_OPTIMIZATION_LEVEL = "-Onone";
			};
			name = Debug;
		};
		CA68F1BC2CAC23060060B8BB /* Release */ = {
			isa = XCBuildConfiguration;
			buildSettings = {
				ALWAYS_SEARCH_USER_PATHS = NO;
				ASSETCATALOG_COMPILER_GENERATE_SWIFT_ASSET_SYMBOL_EXTENSIONS = YES;
				CLANG_ANALYZER_NONNULL = YES;
				CLANG_ANALYZER_NUMBER_OBJECT_CONVERSION = YES_AGGRESSIVE;
				CLANG_CXX_LANGUAGE_STANDARD = "gnu++20";
				CLANG_ENABLE_MODULES = YES;
				CLANG_ENABLE_OBJC_ARC = YES;
				CLANG_ENABLE_OBJC_WEAK = YES;
				CLANG_WARN_BLOCK_CAPTURE_AUTORELEASING = YES;
				CLANG_WARN_BOOL_CONVERSION = YES;
				CLANG_WARN_COMMA = YES;
				CLANG_WARN_CONSTANT_CONVERSION = YES;
				CLANG_WARN_DEPRECATED_OBJC_IMPLEMENTATIONS = YES;
				CLANG_WARN_DIRECT_OBJC_ISA_USAGE = YES_ERROR;
				CLANG_WARN_DOCUMENTATION_COMMENTS = YES;
				CLANG_WARN_EMPTY_BODY = YES;
				CLANG_WARN_ENUM_CONVERSION = YES;
				CLANG_WARN_INFINITE_RECURSION = YES;
				CLANG_WARN_INT_CONVERSION = YES;
				CLANG_WARN_NON_LITERAL_NULL_CONVERSION = YES;
				CLANG_WARN_OBJC_IMPLICIT_RETAIN_SELF = YES;
				CLANG_WARN_OBJC_LITERAL_CONVERSION = YES;
				CLANG_WARN_OBJC_ROOT_CLASS = YES_ERROR;
				CLANG_WARN_QUOTED_INCLUDE_IN_FRAMEWORK_HEADER = YES;
				CLANG_WARN_RANGE_LOOP_ANALYSIS = YES;
				CLANG_WARN_STRICT_PROTOTYPES = YES;
				CLANG_WARN_SUSPICIOUS_MOVE = YES;
				CLANG_WARN_UNGUARDED_AVAILABILITY = YES_AGGRESSIVE;
				CLANG_WARN_UNREACHABLE_CODE = YES;
				CLANG_WARN__DUPLICATE_METHOD_MATCH = YES;
				COPY_PHASE_STRIP = NO;
				DEBUG_INFORMATION_FORMAT = "dwarf-with-dsym";
				ENABLE_NS_ASSERTIONS = NO;
				ENABLE_STRICT_OBJC_MSGSEND = YES;
				ENABLE_USER_SCRIPT_SANDBOXING = YES;
				GCC_C_LANGUAGE_STANDARD = gnu17;
				GCC_NO_COMMON_BLOCKS = YES;
				GCC_WARN_64_TO_32_BIT_CONVERSION = YES;
				GCC_WARN_ABOUT_RETURN_TYPE = YES_ERROR;
				GCC_WARN_UNDECLARED_SELECTOR = YES;
				GCC_WARN_UNINITIALIZED_AUTOS = YES_AGGRESSIVE;
				GCC_WARN_UNUSED_FUNCTION = YES;
				GCC_WARN_UNUSED_VARIABLE = YES;
				IPHONEOS_DEPLOYMENT_TARGET = 17.5;
				LOCALIZATION_PREFERS_STRING_CATALOGS = YES;
				MTL_ENABLE_DEBUG_INFO = NO;
				MTL_FAST_MATH = YES;
				SDKROOT = iphoneos;
				SWIFT_COMPILATION_MODE = wholemodule;
				VALIDATE_PRODUCT = YES;
			};
			name = Release;
		};
		CA68F1BE2CAC23060060B8BB /* Debug */ = {
			isa = XCBuildConfiguration;
			baseConfigurationReference = 7A7784B5558F1E65D883A8B5 /* Pods-MyGpsMap.debug.xcconfig */;
			buildSettings = {
				ASSETCATALOG_COMPILER_APPICON_NAME = AppIcon;
				ASSETCATALOG_COMPILER_GLOBAL_ACCENT_COLOR_NAME = AccentColor;
				CODE_SIGN_STYLE = Automatic;
				CURRENT_PROJECT_VERSION = 1;
				DEVELOPMENT_TEAM = MM3VK68663;
				ENABLE_USER_SCRIPT_SANDBOXING = NO;
				GENERATE_INFOPLIST_FILE = YES;
				INFOPLIST_FILE = MyGpsMap/Info.plist;
				INFOPLIST_KEY_NSLocationAlwaysUsageDescription = "アプリがバックグラウンドで位置情報を使用します。";
				INFOPLIST_KEY_NSLocationWhenInUseUsageDescription = "アプリが動作中に位置情報を取得します。";
				INFOPLIST_KEY_UIApplicationSupportsIndirectInputEvents = YES;
				INFOPLIST_KEY_UIStatusBarStyle = UIStatusBarStyleDefault;
				INFOPLIST_KEY_UISupportedInterfaceOrientations_iPad = "UIInterfaceOrientationPortrait UIInterfaceOrientationPortraitUpsideDown UIInterfaceOrientationLandscapeLeft UIInterfaceOrientationLandscapeRight";
				INFOPLIST_KEY_UISupportedInterfaceOrientations_iPhone = "UIInterfaceOrientationPortrait UIInterfaceOrientationLandscapeLeft UIInterfaceOrientationLandscapeRight";
				IPHONEOS_DEPLOYMENT_TARGET = 16.6;
				LD_RUNPATH_SEARCH_PATHS = (
					"$(inherited)",
					"@executable_path/Frameworks",
				);
				MARKETING_VERSION = 1.0;
				PRODUCT_BUNDLE_IDENTIFIER = sinngoro456.MyGpsMap;
				PRODUCT_NAME = "$(TARGET_NAME)";
				SWIFT_EMIT_LOC_STRINGS = YES;
				SWIFT_VERSION = 5.0;
				TARGETED_DEVICE_FAMILY = "1,2";
			};
			name = Debug;
		};
		CA68F1BF2CAC23060060B8BB /* Release */ = {
			isa = XCBuildConfiguration;
			baseConfigurationReference = 36CAA20A4FF5C19F3252A316 /* Pods-MyGpsMap.release.xcconfig */;
			buildSettings = {
				ASSETCATALOG_COMPILER_APPICON_NAME = AppIcon;
				ASSETCATALOG_COMPILER_GLOBAL_ACCENT_COLOR_NAME = AccentColor;
				CODE_SIGN_STYLE = Automatic;
				CURRENT_PROJECT_VERSION = 1;
				DEVELOPMENT_TEAM = MM3VK68663;
				ENABLE_USER_SCRIPT_SANDBOXING = NO;
				GENERATE_INFOPLIST_FILE = YES;
				INFOPLIST_FILE = MyGpsMap/Info.plist;
				INFOPLIST_KEY_NSLocationAlwaysUsageDescription = "アプリがバックグラウンドで位置情報を使用します。";
				INFOPLIST_KEY_NSLocationWhenInUseUsageDescription = "アプリが動作中に位置情報を取得します。";
				INFOPLIST_KEY_UIApplicationSupportsIndirectInputEvents = YES;
				INFOPLIST_KEY_UIStatusBarStyle = UIStatusBarStyleDefault;
				INFOPLIST_KEY_UISupportedInterfaceOrientations_iPad = "UIInterfaceOrientationPortrait UIInterfaceOrientationPortraitUpsideDown UIInterfaceOrientationLandscapeLeft UIInterfaceOrientationLandscapeRight";
				INFOPLIST_KEY_UISupportedInterfaceOrientations_iPhone = "UIInterfaceOrientationPortrait UIInterfaceOrientationLandscapeLeft UIInterfaceOrientationLandscapeRight";
				IPHONEOS_DEPLOYMENT_TARGET = 16.6;
				LD_RUNPATH_SEARCH_PATHS = (
					"$(inherited)",
					"@executable_path/Frameworks",
				);
				MARKETING_VERSION = 1.0;
				PRODUCT_BUNDLE_IDENTIFIER = sinngoro456.MyGpsMap;
				PRODUCT_NAME = "$(TARGET_NAME)";
				SWIFT_EMIT_LOC_STRINGS = YES;
				SWIFT_VERSION = 5.0;
				TARGETED_DEVICE_FAMILY = "1,2";
			};
			name = Release;
		};
		CA68F1C12CAC23060060B8BB /* Debug */ = {
			isa = XCBuildConfiguration;
			baseConfigurationReference = C889174FA7233287F07A05BD /* Pods-MyGpsMapTests.debug.xcconfig */;
			buildSettings = {
				ALWAYS_EMBED_SWIFT_STANDARD_LIBRARIES = YES;
				BUNDLE_LOADER = "$(TEST_HOST)";
				CODE_SIGN_STYLE = Automatic;
				CURRENT_PROJECT_VERSION = 1;
				DEVELOPMENT_TEAM = MM3VK68663;
				GENERATE_INFOPLIST_FILE = YES;
				IPHONEOS_DEPLOYMENT_TARGET = 17.5;
				MARKETING_VERSION = 1.0;
				PRODUCT_BUNDLE_IDENTIFIER = sinngoro456.MyGpsMapTests;
				PRODUCT_NAME = "$(TARGET_NAME)";
				SWIFT_EMIT_LOC_STRINGS = NO;
				SWIFT_VERSION = 5.0;
				TARGETED_DEVICE_FAMILY = "1,2";
				TEST_HOST = "$(BUILT_PRODUCTS_DIR)/MyGpsMap.app/$(BUNDLE_EXECUTABLE_FOLDER_PATH)/MyGpsMap";
			};
			name = Debug;
		};
		CA68F1C22CAC23060060B8BB /* Release */ = {
			isa = XCBuildConfiguration;
			baseConfigurationReference = 55E04A684A9B350BB07B8841 /* Pods-MyGpsMapTests.release.xcconfig */;
			buildSettings = {
				ALWAYS_EMBED_SWIFT_STANDARD_LIBRARIES = YES;
				BUNDLE_LOADER = "$(TEST_HOST)";
				CODE_SIGN_STYLE = Automatic;
				CURRENT_PROJECT_VERSION = 1;
				DEVELOPMENT_TEAM = MM3VK68663;
				GENERATE_INFOPLIST_FILE = YES;
				IPHONEOS_DEPLOYMENT_TARGET = 17.5;
				MARKETING_VERSION = 1.0;
				PRODUCT_BUNDLE_IDENTIFIER = sinngoro456.MyGpsMapTests;
				PRODUCT_NAME = "$(TARGET_NAME)";
				SWIFT_EMIT_LOC_STRINGS = NO;
				SWIFT_VERSION = 5.0;
				TARGETED_DEVICE_FAMILY = "1,2";
				TEST_HOST = "$(BUILT_PRODUCTS_DIR)/MyGpsMap.app/$(BUNDLE_EXECUTABLE_FOLDER_PATH)/MyGpsMap";
			};
			name = Release;
		};
		CA68F1C42CAC23060060B8BB /* Debug */ = {
			isa = XCBuildConfiguration;
			baseConfigurationReference = CE59D30DDDCE16D2A5C172F1 /* Pods-MyGpsMapUITests.debug.xcconfig */;
			buildSettings = {
				ALWAYS_EMBED_SWIFT_STANDARD_LIBRARIES = YES;
				CODE_SIGN_STYLE = Automatic;
				CURRENT_PROJECT_VERSION = 1;
				DEVELOPMENT_TEAM = MM3VK68663;
				GENERATE_INFOPLIST_FILE = YES;
				MARKETING_VERSION = 1.0;
				PRODUCT_BUNDLE_IDENTIFIER = sinngoro456.MyGpsMapUITests;
				PRODUCT_NAME = "$(TARGET_NAME)";
				SWIFT_EMIT_LOC_STRINGS = NO;
				SWIFT_VERSION = 5.0;
				TARGETED_DEVICE_FAMILY = "1,2";
				TEST_TARGET_NAME = MyGpsMap;
			};
			name = Debug;
		};
		CA68F1C52CAC23060060B8BB /* Release */ = {
			isa = XCBuildConfiguration;
			baseConfigurationReference = C76CAF91FE9B18AC9A500EC9 /* Pods-MyGpsMapUITests.release.xcconfig */;
			buildSettings = {
				ALWAYS_EMBED_SWIFT_STANDARD_LIBRARIES = YES;
				CODE_SIGN_STYLE = Automatic;
				CURRENT_PROJECT_VERSION = 1;
				DEVELOPMENT_TEAM = MM3VK68663;
				GENERATE_INFOPLIST_FILE = YES;
				MARKETING_VERSION = 1.0;
				PRODUCT_BUNDLE_IDENTIFIER = sinngoro456.MyGpsMapUITests;
				PRODUCT_NAME = "$(TARGET_NAME)";
				SWIFT_EMIT_LOC_STRINGS = NO;
				SWIFT_VERSION = 5.0;
				TARGETED_DEVICE_FAMILY = "1,2";
				TEST_TARGET_NAME = MyGpsMap;
			};
			name = Release;
		};
/* End XCBuildConfiguration section */

/* Begin XCConfigurationList section */
		CA68F18B2CAC23030060B8BB /* Build configuration list for PBXProject "MyGpsMap" */ = {
			isa = XCConfigurationList;
			buildConfigurations = (
				CA68F1BB2CAC23060060B8BB /* Debug */,
				CA68F1BC2CAC23060060B8BB /* Release */,
			);
			defaultConfigurationIsVisible = 0;
			defaultConfigurationName = Release;
		};
		CA68F1BD2CAC23060060B8BB /* Build configuration list for PBXNativeTarget "MyGpsMap" */ = {
			isa = XCConfigurationList;
			buildConfigurations = (
				CA68F1BE2CAC23060060B8BB /* Debug */,
				CA68F1BF2CAC23060060B8BB /* Release */,
			);
			defaultConfigurationIsVisible = 0;
			defaultConfigurationName = Release;
		};
		CA68F1C02CAC23060060B8BB /* Build configuration list for PBXNativeTarget "MyGpsMapTests" */ = {
			isa = XCConfigurationList;
			buildConfigurations = (
				CA68F1C12CAC23060060B8BB /* Debug */,
				CA68F1C22CAC23060060B8BB /* Release */,
			);
			defaultConfigurationIsVisible = 0;
			defaultConfigurationName = Release;
		};
		CA68F1C32CAC23060060B8BB /* Build configuration list for PBXNativeTarget "MyGpsMapUITests" */ = {
			isa = XCConfigurationList;
			buildConfigurations = (
				CA68F1C42CAC23060060B8BB /* Debug */,
				CA68F1C52CAC23060060B8BB /* Release */,
			);
			defaultConfigurationIsVisible = 0;
			defaultConfigurationName = Release;
		};
/* End XCConfigurationList section */

/* Begin XCRemoteSwiftPackageReference section */
		CA33928F2D6E16B400F77832 /* XCRemoteSwiftPackageReference "ios-places-sdk" */ = {
			isa = XCRemoteSwiftPackageReference;
			repositoryURL = "https://github.com/googlemaps/ios-places-sdk";
			requirement = {
				kind = upToNextMajorVersion;
				minimumVersion = 9.3.0;
			};
		};
		CADB0BE22D0AA36D001C175D /* XCRemoteSwiftPackageReference "amplify-ios" */ = {
			isa = XCRemoteSwiftPackageReference;
			repositoryURL = "https://github.com/aws-amplify/amplify-ios";
			requirement = {
				kind = upToNextMajorVersion;
				minimumVersion = 2.45.2;
			};
		};
/* End XCRemoteSwiftPackageReference section */

/* Begin XCSwiftPackageProductDependency section */
		CA3392902D6E16B400F77832 /* GooglePlacesSwift */ = {
			isa = XCSwiftPackageProductDependency;
			package = CA33928F2D6E16B400F77832 /* XCRemoteSwiftPackageReference "ios-places-sdk" */;
			productName = GooglePlacesSwift;
		};
		CA40FD022D11B742002052C1 /* AWSCognitoAuthPlugin */ = {
			isa = XCSwiftPackageProductDependency;
			package = CADB0BE22D0AA36D001C175D /* XCRemoteSwiftPackageReference "amplify-ios" */;
			productName = AWSCognitoAuthPlugin;
		};
		CA40FD042D11B742002052C1 /* Amplify */ = {
			isa = XCSwiftPackageProductDependency;
			package = CADB0BE22D0AA36D001C175D /* XCRemoteSwiftPackageReference "amplify-ios" */;
			productName = Amplify;
		};
/* End XCSwiftPackageProductDependency section */

/* Begin XCVersionGroup section */
		CA68F19C2CAC23030060B8BB /* MyGpsMap.xcdatamodeld */ = {
			isa = XCVersionGroup;
			children = (
				CA68F19D2CAC23030060B8BB /* MyGpsMap.xcdatamodel */,
			);
			currentVersion = CA68F19D2CAC23030060B8BB /* MyGpsMap.xcdatamodel */;
			path = MyGpsMap.xcdatamodeld;
			sourceTree = "<group>";
			versionGroupType = wrapper.xcdatamodel;
		};
/* End XCVersionGroup section */
	};
	rootObject = CA68F1882CAC23030060B8BB /* Project object */;
}
